dependencies:
- name: apm-server
  repository: https://helm.elastic.co
  version: 7.8.0
- name: elasticsearch
  repository: https://helm.elastic.co
  version: 7.8.0
- name: filebeat
  repository: https://helm.elastic.co
  version: 7.8.0
- name: kafka
  repository: https://charts.bitnami.com/bitnami
  version: 11.5.1
- name: kibana
  repository: https://helm.elastic.co
  version: 7.8.0
- name: metricbeat
  repository: https://helm.elastic.co
  version: 7.8.0
- name: microservice
  repository: https://raw.githubusercontent.com/rajan123456/helm-charts/master
  version: 4.0.0
- name: microservice
  repository: https://raw.githubusercontent.com/rajan123456/helm-charts/master
  version: 4.0.0
- name: microservice
  repository: https://raw.githubusercontent.com/rajan123456/helm-charts/master
  version: 4.0.0
- name: microservice
  repository: https://raw.githubusercontent.com/rajan123456/helm-charts/master
  version: 4.0.0
- name: microservice
  repository: https://raw.githubusercontent.com/rajan123456/helm-charts/master
  version: 4.0.0
- name: microservice
  repository: https://raw.githubusercontent.com/rajan123456/helm-charts/master
  version: 4.0.0
- name: microservice
  repository: https://raw.githubusercontent.com/rajan123456/helm-charts/master
  version: 4.0.0
- name: microservice
  repository: https://raw.githubusercontent.com/rajan123456/helm-charts/master
  version: 4.0.0
- name: microservice
  repository: https://raw.githubusercontent.com/rajan123456/helm-charts/master
  version: 4.0.0
- name: microservice
  repository: https://raw.githubusercontent.com/rajan123456/helm-charts/master
  version: 4.0.0
- name: mongodb
  repository: https://charts.bitnami.com/bitnami
  version: 8.1.1
- name: mongodb
  repository: https://charts.bitnami.com/bitnami
  version: 8.1.1
- name: mongodb
  repository: https://charts.bitnami.com/bitnami
  version: 8.1.1
- name: mongodb
  repository: https://charts.bitnami.com/bitnami
  version: 8.1.1
- name: nginx-ingress
  repository: https://kubernetes-charts.storage.googleapis.com
  version: 1.41.1
- name: spark
  repository: https://charts.bitnami.com/bitnami
  version: 2.0.0
- name: vault
  repository: https://helm.releases.hashicorp.com
  version: 0.6.0
digest: sha256:169aec5fcc83465cfaa8dd4b56ca94591058dc35470788c47797d0963ac9473f
generated: "2020-07-24T01:20:58.6523283+08:00"
