{
    "_meta": {
        "hash": {
            "sha256": "b7d22052601e30eb9e89aeb9fb1107aac87c6fbe3ecdb1db099443a98cb10d10"
        },
        "pipfile-spec": 6,
        "requires": {
            "python_version": "2.7"
        },
        "sources": [
            {
                "name": "pypi",
                "url": "https://pypi.org/simple",
                "verify_ssl": true
            }
        ]
    },
    "default": {
        "handler": {
            "hashes": [
                "sha256:0f6bf00a1d8f3dcfbbc29b890a8fb054576706179d609cd6315692db317cb9e2"
            ],
            "index": "pypi",
            "version": "==1.3.0"
        },
        "imutils": {
            "hashes": [
                "sha256:857af6169d90e4a0a814130b9b107f5d611150ce440107e1c1233521c6fb1e2b"
            ],
            "index": "pypi",
            "version": "==0.5.3"
        },
        "joblib": {
            "hashes": [
                "sha256:0630eea4f5664c463f23fbf5dcfc54a2bc6168902719fa8e19daf033022786c8",
                "sha256:bdb4fd9b72915ffb49fde2229ce482dd7ae79d842ed8c2b4c932441495af1403"
            ],
            "version": "==0.14.1"
        },
        "numpy": {
            "hashes": [
                "sha256:08bf4f66f190822f4642e036accde8da810b87fffc0b9409e7a00d9e54760099",
                "sha256:1680c8d5086a88d293dfd1a10b6429a09140cacee878034fa2308472ec835db4",
                "sha256:23cad5e5858dfb73c0e5bce03fe78e5e5908c22263156c58d4afdbb240683c6c",
                "sha256:345b1748e6b0d4773a518868c783b16fdc33a22683bdb863484cd29fe8d206e6",
                "sha256:34e6bb44e3d9a663f903b8c297ede865b4dff039aa43cc9a0b249e02c27f1396",
                "sha256:390f6e14a8d73591f086680464aa101a9be9187d0c633f48c98b429b31b712c2",
                "sha256:3f423b06bf67cd1dbf72e13e9b53a9ca71972e5abf712ee6cb5d8cbb178fff02",
                "sha256:55cae40d2024c56e7b79fb070106cb4289dcc6b55c62dba1d89a6944448c6a53",
                "sha256:60c56922c9d759d664078fbef94132377ef1498ab27dd3d0cc7a21b346e68c06",
                "sha256:6b1853364775edb85ceb0f7f8214d9e993d4d1d9bd3310eae80529ea14ba2ba6",
                "sha256:77399828d96cca386bfba453025c34f22569909d90332b961d3d4341cdb46a84",
                "sha256:7a5a1f49a643aa1ab3e0579da0a48b8a48ea4369eb63c5065459d0a37f430237",
                "sha256:817eed5a6ec2fc9c1a0ee3fbf9a441c66b6766383580513ccbdf3121acc0b4fb",
                "sha256:97ddfa7688295d460ee48a4d76337e9fdd2506d9d1d0eee7f0348b42b430da4c",
                "sha256:9bb690692f3101583b0b99f3be362742e4f8ebe6c7934fa36cd8ca2b567a0bcc",
                "sha256:a1772dc227e3e415eeaa646d25690dc854bddc3d626e454c7c27acba060cb900",
                "sha256:a1ffc9c770ccc2be9284310a3726c918b26ca19b34c0079e7a41aba950ab175f",
                "sha256:a4383edb1b8caa989c3541a37ef204916322c503b8eeacc7ee8f4ba24cac97b8",
                "sha256:b9e334568ca1bf56598eddfac6db6a75bcf1c91aa90d598648f21e45207daeae",
                "sha256:c9fb4fcfcdcaccfe2c4e1f9e0133ed59df5df2aa3655f3d391887e892b0a784c",
                "sha256:d3c5377c6122de876e695937ef41ffee5d2831154c5e4856481b93406cdfeecb",
                "sha256:d759ca1b76ac6f6b6159fb74984126035feb1dee9f68b4b961889b6dc090f33a",
                "sha256:e5cf3fdf13401885e8eea8170624ec96225e2174eb0c611c6f26dd33b489e3ff"
            ],
            "index": "pypi",
            "version": "==1.16.6"
        },
        "opencv-python": {
            "hashes": [
                "sha256:156e2954d5b38b676e8a24d66703cf15f252e24ec49db7e842a8b5eed46074ba",
                "sha256:1bf486680a16d739f7852a62865b72eb7692df584694815774ba97b471b8bc3f",
                "sha256:1ea08f22246ccd33174d59edfa3f13930bf2c28096568242090bd9d8770fb8a8",
                "sha256:210ab40c8c9dadc7dc9ed7beebe2e0a2415a744f8d6857762a80c8e0fcc477c8",
                "sha256:2ec6502bfac01b27ac06daf7bc9f7a4f482a6a0d8e1b30e15c411d478454a19f",
                "sha256:2fe704e35808cf6b17b793e89fd00e9ef7779f85f274666a4e092671aedd09c0",
                "sha256:4b93b5f8df187e4dba9fb25c46fa8cf342c257de144f7c86d75c06416566a199",
                "sha256:55e1d7a2d11c40ea5b53aabe5c4122038803c7d492505c8f93af077aa7fe2ce1",
                "sha256:677f61332436e22f83a1e4e6f6863a760734fbc8029ba6a8ef0af4554cde6f93",
                "sha256:76ddc6daf8607eda1d866395dcf98526ef96f3e616d8c37ccc7629f9aaf6d4d4",
                "sha256:c4f1e9d963c8f370284afa87fcf521cc8439a610a500bf8ede27fd64dd9050bd",
                "sha256:c93b1198c85175a9fa9a9839c4da55c7ab9c5f57256f2e4211cd6c91d7d422e8",
                "sha256:d765c44827778cbe6bc8f272cd61514e8509b93fd24dd3324cd4abddf2026b11",
                "sha256:eb709245e56f6693d297f8818ff8e6c017fa80fdb5a923c64be623a678c7150e",
                "sha256:ef4ac758a4e2caee80ef9c86b83a279d6f132c9e7ae77957cf74013928814e05",
                "sha256:f67c1d92ff96c6c106f786b7ef9b9ab448fa03ef28cb7bb6f0f7b857b65bc158",
                "sha256:f6fa2834d85c78865ca6e3de563916086cb8c83c3f2ef80924fcd07005f05df9",
                "sha256:fa1a6d149a1a5e0bc54c737a59fe38d75384a092ae5e35f9b876fbb621f755c6",
                "sha256:fd457deedcf153dd6805a2b4d891ac2a0969566d3755fbf48a3ffb53978c9ed1"
            ],
            "index": "pypi",
            "version": "==4.3.0.36"
        },
        "schedule": {
            "hashes": [
                "sha256:3f895a1036799a25ab9c335de917073e63cf8256920917e932777382f101f08f",
                "sha256:f9fb5181283de4db6e701d476dd01b6a3dd81c38462a54991ddbb9d26db857c9"
            ],
            "index": "pypi",
            "version": "==0.6.0"
        },
        "scikit-learn": {
            "hashes": [
                "sha256:1a6e69128d1fe413a5722404756c62aac21d2f8a523beb57912afffc3640a75f",
                "sha256:2244785eb38f81c4c640d6e46594d950a92f6cc14351ba4926ed9351e6c16e3a",
                "sha256:2ae8b0e40fb044844b02af9d348bc1a2254b3f7b94151cc197536e1211b9280b",
                "sha256:4e39608650180d879b17fd7b47b1311f06a45630a8568173c1a22233b2dbbc73",
                "sha256:5fc9a555752185e5698cfadfbedf75eae89887c2a8fc842d3976a2251ca53f49",
                "sha256:615e2e953cae5b99530d0fc46c0227101956c7f33a99f78f237aba92f2a571b7",
                "sha256:7afd99f1fa3daa67ecef97466b38b607bc6b7f611980687b444889a64ab55bff",
                "sha256:8447c5da132a0912679ec4e589547e83c42dc7979df2b1fd042c7638dcd002d5",
                "sha256:8ff36dc5e0488f345a65ad514a6d9026bf1ec509f66d09d605acfdb61e8fbefa",
                "sha256:9a637d61645f9319caf6a9659b37c3e66110465e4455085fba804dfabc121518",
                "sha256:ad1f354246148f7d054602704b6eb9b8437c09614629562789dce8ae808a63cb",
                "sha256:d2beb434bc8c5970372f391ced4480eb01ed46ac36d99684ec5da27500de50bc",
                "sha256:d46ce509c5be72bf15bdfc1faead1df681fa1cb0aa13468d53964941cd80add4",
                "sha256:e6e46f5c0bf8a5666aa2656b9bbd630a07b3607bece116baccb548c8331dd9e0",
                "sha256:f0ca67c81bf9abf65b5e8990854739b61d8f9d5d6c8e0b7477524dbbf03cb435"
            ],
            "version": "==0.21.0"
        },
        "scipy": {
            "hashes": [
                "sha256:0c23e5b3a314dce4049b969c81ad801cf05e1fe699760846c7567deaa9b8c548",
                "sha256:19904399501ecf56ead21b307cc52c8ff03a2103343f554f3fbc189bb2cf1609",
                "sha256:1bc0720f149fbb69d19156cf91730aa21455c58949aea56bfaa2b74c06868100",
                "sha256:2ff82db1393bd5d8ddeb9134e8f77a8e971e635452d7e65f7238f40c71d385a8",
                "sha256:3397ce30e240e9a543d81f623a9e8e98ae39012cf72e42e95929530a03f20791",
                "sha256:39bf06b2536e69f08a257b260aaa25d088d755b73cf3751b44e5838ccb1d0a82",
                "sha256:487a61a7e477923c7a9e8fa06f27e3f2dbc7ce9450a970a2e5d902b0a305d028",
                "sha256:503e25b8da22b1be6f2f81e1dcf26f42bfb13fe89bccbf8bc48e1b6f2a4789c8",
                "sha256:53353a504ad2181eb27c9d61e91ce29324f8b7550876736a08a36e6b60c43407",
                "sha256:57a0ee083b94944ba6329e755d112bfd53a98bd9a6a4faf10bc7722c955a7653",
                "sha256:5d950892a6a2da6dae2b5a3021b329dbf04483a7fb0bd3011685db7f51578ae7",
                "sha256:7aeb232273b38e74d89181d9165ca47314e1c4269afe7c3a1926aea3e63345a2",
                "sha256:7e6c485c3f2789c790fe4cc5c6c3b4554000d284fd05be90479b6fbd8795d064",
                "sha256:8533e8c2e467eed913a0aa4fac09c9fb824f32d1ab1121db3a50845f9b347825",
                "sha256:8b3ac1e50188792fdf811e5a747df2b784c65d9a17f59609a73c8285424a48ad",
                "sha256:92fbdcf9acebf2007502adbed1b22e3a3e9445aceb5e7a568f9759d76461368b",
                "sha256:b2fad2430232f8c2faeb0abff7ed5191f0a534bd1bd482c71a9616c44e674c76",
                "sha256:b38f2e6d53f852ae1de1aacead2c26a69c91b36f833e744557ca370979b81652",
                "sha256:b6cbb7125b0c742e0f31fb293d19e9f1a03db58f6ddefc51a2025ee15ae607cb",
                "sha256:b8b0e81a2b87d68acf4a54aea800edafbb5bc9a04f38256718826f95f625fb75",
                "sha256:c08013e0fe1554372da9312d5bad588402f71c0636f0f86a9b9b61d507c59bac",
                "sha256:cac83647970115dfb6d29dc3b4ab44b3aa11254e8aeba115f88ad0ccbb273085",
                "sha256:d39ae9cfd7bdea7753fd617e2edfc68b94a019a65c0153c3fced35cf657b79e7",
                "sha256:e870dfd006ab657f9cc48b099646c5ceb4e812e59a7d460dc80ac9a659f089dc",
                "sha256:ecbe6413ca90b8e19f8475bfa303ac001e81b04ec600d17fa7f816271f7cca57",
                "sha256:ecc27dda36d7172bb4ed7f245499e28251fa17909b314b4e8956a942f302e1a3",
                "sha256:ee213d8c8eee0540ba91efca61605dc0e2b5bd90ca35ab49c85f0ad7038df00f",
                "sha256:f658f90db1530f70128bbeb2c1e61006de2eb2382408080a211d885f501af3a7"
            ],
            "version": "==1.2.3"
        },
        "sklearn": {
            "hashes": [
                "sha256:e23001573aa194b834122d2b9562459bf5ae494a2d59ca6b8aa22c85a44c0e31"
            ],
            "index": "pypi",
            "version": "==0.0"
        }
    },
    "develop": {}
}
