{
    "_meta": {
        "hash": {
            "sha256": "0973a7f0cb53e01c407be8b5829aaec38529c52e115f7c07164f4a31602319f8"
        },
        "pipfile-spec": 6,
        "requires": {
            "python_version": "3.8"
        },
        "sources": [
            {
                "name": "pypi",
                "url": "https://pypi.org/simple",
                "verify_ssl": true
            }
        ]
    },
    "default": {
        "aniso8601": {
            "hashes": [
                "sha256:1d2b7ef82963909e93c4f24ce48d4de9e66009a21bf1c1e1c85bdd0812fe412f",
                "sha256:72e3117667eedf66951bb2d93f4296a56b94b078a8a95905a052611fb3f1b973"
            ],
            "version": "==9.0.1"
        },
        "azure-cognitiveservices-vision-face": {
            "hashes": [
                "sha256:ade59bfe897aead3ef63989acb1d674d7d1289fc0e504593faabb7d73b8d60fa",
                "sha256:b6e102d7838acd92256e9a2a7a5e9ac5c7531cf82c22b6f3e668f4b76e4bd148"
            ],
            "index": "pypi",
            "version": "==0.4.1"
        },
        "azure-common": {
            "hashes": [
                "sha256:4ac0cd3214e36b6a1b6a442686722a5d8cc449603aa833f3f0f40bda836704a3",
                "sha256:5c12d3dcf4ec20599ca6b0d3e09e86e146353d443e7fcc050c9a19c1f9df20ad"
            ],
            "version": "==1.1.28"
        },
        "blinker": {
            "hashes": [
                "sha256:471aee25f3992bd325afa3772f1063dbdbbca947a041b8b89466dc00d606f8b6"
            ],
            "version": "==1.4"
        },
        "boto3": {
            "hashes": [
                "sha256:44a30268702c78aa355a0044fa7fea5f1e7e7c125ad029196028787eea003c2e",
                "sha256:c60d2401226c723db809df5c611a850c101b562e0e0790be7631a38b82813038"
            ],
            "index": "pypi",
            "version": "==1.21.23"
        },
        "botocore": {
            "hashes": [
                "sha256:1c8a77809dd59bf4084780ea1785c38d0ebcacd385d83fb7f6ad81648bbb22dc",
                "sha256:536d5fcec2dfaf9671b9d361c2479ef435bfb905f73e24f6fbe73bc33ba66dfe"
            ],
            "markers": "python_version >= '3.6'",
            "version": "==1.24.23"
        },
        "certifi": {
            "hashes": [
                "sha256:78884e7c1d4b00ce3cea67b44566851c4343c120abd683433ce934a68ea58872",
                "sha256:d62a0163eb4c2344ac042ab2bdf75399a71a2d8c7d47eac2e2ee91b9d6339569"
            ],
            "version": "==2021.10.8"
        },
        "charset-normalizer": {
            "hashes": [
                "sha256:2857e29ff0d34db842cd7ca3230549d1a697f96ee6d3fb071cfa6c7393832597",
                "sha256:6881edbebdb17b39b4eaaa821b438bf6eddffb4468cf344f09f89def34a8b1df"
            ],
            "markers": "python_version >= '3'",
            "version": "==2.0.12"
        },
        "click": {
            "hashes": [
                "sha256:6a7a62563bbfabfda3a38f3023a1db4a35978c0abd76f6c9605ecd6554d6d9b1",
                "sha256:8458d7b1287c5fb128c90e23381cf99dcde74beaf6c7ff6384ce84d6fe090adb"
            ],
            "markers": "python_version >= '3.6'",
            "version": "==8.0.4"
        },
        "elastic-apm": {
            "extras": [
                "flask"
            ],
            "hashes": [
                "sha256:0c766621a4d15ed4ff7dd195499df1af6d7eb8c13790a727bf05773de2952de0",
                "sha256:2187a0fd080cac7ed65dabfd64d7693ff187ae9b5ad4a810772387dca6877160",
                "sha256:2a0bb663d3f9388db233784356f218807b9cfe1f4d4fa4569f41b567c068b50f",
                "sha256:317e2a897b2a81d79bce42688975cfe0ccf6a3dc8025540c47093ea8ac5f1771",
                "sha256:3a91d2df89af564dbf0abccb3d370940083205247903fe6d708fa771b16fca38",
                "sha256:44fe2ce3ea57f97fce5fb32e747f6a9c9b361f5055608d59747c39ae06d1c526",
                "sha256:4ca9f42d4b841ce598819f2f3a4d516c549cd5c02ab43c8283ca406c3b92a2db",
                "sha256:56b34b30420aebf9566eeee3ffd633131ce51d1e2a4da6061f143a2b547d1980",
                "sha256:5a56d20734771a4f7823ec12492fcd17a15dac761ecf1452d034a9b9b8b83388",
                "sha256:6279cc28bd2f2bc2da478cebd5ace711b52549f736d138f950ebe0fa8f706a6f",
                "sha256:69bcac2cee8f16a093f57000128caab7d1d3d8ac1474e24ce45190264ffc5ebe",
                "sha256:7021b931210140e02540f3e56fdc8be07542eed10de82c9e5464dbe449a4c9aa",
                "sha256:70237e1242ae461500ed455f47a5518abdbdc565e47265eddf3ca1dad530a541",
                "sha256:7545f27703151ce71d73271a95662735cffb537189c214f778195a6fdab58533",
                "sha256:8525ba800fbd955b65af667c43889df2358c22b1ef66ee92a846f5f4bc8d7286",
                "sha256:8ba4239862f0b043d191a19e021637a25c3490f677cb8b1dd752bc425bb382e0",
                "sha256:8c98625cb825c404954763ca5a6f82e06b833a6e6a9e2035065dc9894b4dc6dc",
                "sha256:b02394f4d55af4f39086aee7bacf8652fde703f7226c5a564cdae9f7e2bf3f71",
                "sha256:b3b1815765638ce01f9dbd136822d79e887d8d09cd10bc8770d4cc1d530bb853",
                "sha256:b7bce10060abd98198d8a96e7f3e2e0e169dbd860c76e2c09e6a8874384eebb7",
                "sha256:b8f849202dffe97512843dd366c4104d07d3b319e42916e3e031cff3db7475db",
                "sha256:bc677614c198486ca4ef1026bde0c4efd74b936598ff9d64ea109f978a6381bb",
                "sha256:d19fe00915c60ceabee42ae8c0aa76c6a48c2ffa67c5ba7f0d0fbb856ac36c09",
                "sha256:d5561eb57eaa43c721258797dfab67b13938fdc94b7daec7a6ccb56dc524fe02",
                "sha256:dc04aa32c7a3a17c688e3cc4c6293f2176be2482d67efccc651ff1fbb5c00ed6",
                "sha256:e0d2c3463061b0e50ca53530bd5317498517d208618d90cf6e9933e93f9c727e",
                "sha256:e9a416418cb2f6deb7a18b68bd75dad0552b4fd85d3e72e59ae4add0e8739b1c"
            ],
            "index": "pypi",
            "version": "==5.8.1"
        },
        "flask": {
            "hashes": [
                "sha256:4efa1ae2d7c9865af48986de8aeb8504bf32c7f3d6fdc9353d34b21f4b127060",
                "sha256:8a4fdd8936eba2512e9c85df320a37e694c93945b33ef33c89946a340a238557"
            ],
            "index": "pypi",
            "version": "==1.1.2"
        },
        "flask-cors": {
            "hashes": [
                "sha256:72170423eb4612f0847318afff8c247b38bd516b7737adfc10d1c2cdbb382d16",
                "sha256:f4d97201660e6bbcff2d89d082b5b6d31abee04b1b3003ee073a6fd25ad1d69a"
            ],
            "index": "pypi",
            "version": "==3.0.8"
        },
        "flask-mongoengine": {
            "hashes": [
                "sha256:0f426aeafc4be2c37e9b4c0f8b5d02d012b7afc4b3b97a4119024684fe148fc1",
                "sha256:b6376b33cd1e624c09983a0884dc87303e54084f0e6b7f8df6794d56d35fa66f"
            ],
            "index": "pypi",
            "version": "==0.9.5"
        },
        "flask-restful": {
            "hashes": [
                "sha256:5ea9a5991abf2cb69b4aac19793faac6c032300505b325687d7c305ffaa76915",
                "sha256:d891118b951921f1cec80cabb4db98ea6058a35e6404788f9e70d5b243813ec2"
            ],
            "index": "pypi",
            "version": "==0.3.8"
        },
        "flask-restful-swagger": {
            "hashes": [
                "sha256:216150fa690e672a364625f2f9d35d6771bc9b57461f1a7d690e5bad284e7dd3"
            ],
            "index": "pypi",
            "version": "==0.20.2"
        },
        "flask-wtf": {
            "hashes": [
                "sha256:01feccfc395405cea48a3f36c23f0d766e2cc6fd2a5a065ad50ad3e5827ec797",
                "sha256:872fbb17b5888bfc734edbdcf45bc08fb365ca39f69d25dc752465a455517b28"
            ],
            "markers": "python_version >= '3.6'",
            "version": "==1.0.0"
        },
        "geographiclib": {
            "hashes": [
                "sha256:8f441c527b0b8a26cd96c965565ff0513d1e4d9952b704bf449409e5015c77b7",
                "sha256:ac400d672b8954b0306bca890b088bb8ba2a757dc8133cca0b878f34b33b2740"
            ],
            "version": "==1.52"
        },
        "geopy": {
            "hashes": [
                "sha256:b88e189f0d2e0051da45b6311d5b2ced59afaf1378eb27ebb57eaf37c166a03b",
                "sha256:fdc596bab67d9f4828f43bf9e97c4e0a1d1518b7c2357485cef0e1c3cf470220"
            ],
            "index": "pypi",
            "version": "==2.0.0"
        },
        "idna": {
            "hashes": [
                "sha256:84d9dd047ffa80596e0f246e2eab0b391788b0503584e8945f2368256d2735ff",
                "sha256:9d643ff0a55b762d5cdb124b8eaa99c66322e2157b69160bc32796e824360e6d"
            ],
            "markers": "python_version >= '3'",
            "version": "==3.3"
        },
        "isodate": {
            "hashes": [
                "sha256:0751eece944162659049d35f4f549ed815792b38793f07cf73381c1c87cbed96",
                "sha256:48c5881de7e8b0a0d648cb024c8062dc84e7b840ed81e864c7614fd3c127bde9"
            ],
            "version": "==0.6.1"
        },
        "itsdangerous": {
            "hashes": [
                "sha256:7b7d3023cd35d9cb0c1fd91392f8c95c6fa02c59bf8ad64b8849be3401b95afb",
                "sha256:935642cd4b987cdbee7210080004033af76306757ff8b4c0a506a4b6e06f02cf"
            ],
            "markers": "python_version >= '3.7'",
            "version": "==2.1.1"
        },
        "jinja2": {
            "hashes": [
                "sha256:03e47ad063331dd6a3f04a43eddca8a966a26ba0c5b7207a9a9e4e08f1b29419",
                "sha256:a6d58433de0ae800347cab1fa3043cebbabe8baa9d29e668f1c768cb87a333c6"
            ],
            "markers": "python_version >= '2.7' and python_version not in '3.0, 3.1, 3.2, 3.3, 3.4'",
            "version": "==2.11.3"
        },
        "jmespath": {
            "hashes": [
                "sha256:a490e280edd1f57d6de88636992d05b71e97d69a26a19f058ecf7d304474bf5e",
                "sha256:e8dcd576ed616f14ec02eed0005c85973b5890083313860136657e24784e4c04"
            ],
            "markers": "python_version >= '3.7'",
            "version": "==1.0.0"
        },
        "kafka-python": {
            "hashes": [
                "sha256:513431184ecd08e706ca53421ff23e269fc052374084b45b49640419564dd704",
                "sha256:e59ad42dec8c7d54e3fbba0c1f8b54c44d92a3392d88242962d0c29803f2f6f8"
            ],
            "index": "pypi",
            "version": "==2.0.1"
        },
        "markupsafe": {
            "hashes": [
                "sha256:0212a68688482dc52b2d45013df70d169f542b7394fc744c02a57374a4207003",
                "sha256:089cf3dbf0cd6c100f02945abeb18484bd1ee57a079aefd52cffd17fba910b88",
                "sha256:10c1bfff05d95783da83491be968e8fe789263689c02724e0c691933c52994f5",
                "sha256:33b74d289bd2f5e527beadcaa3f401e0df0a89927c1559c8566c066fa4248ab7",
                "sha256:3799351e2336dc91ea70b034983ee71cf2f9533cdff7c14c90ea126bfd95d65a",
                "sha256:3ce11ee3f23f79dbd06fb3d63e2f6af7b12db1d46932fe7bd8afa259a5996603",
                "sha256:421be9fbf0ffe9ffd7a378aafebbf6f4602d564d34be190fc19a193232fd12b1",
                "sha256:43093fb83d8343aac0b1baa75516da6092f58f41200907ef92448ecab8825135",
                "sha256:46d00d6cfecdde84d40e572d63735ef81423ad31184100411e6e3388d405e247",
                "sha256:4a33dea2b688b3190ee12bd7cfa29d39c9ed176bda40bfa11099a3ce5d3a7ac6",
                "sha256:4b9fe39a2ccc108a4accc2676e77da025ce383c108593d65cc909add5c3bd601",
                "sha256:56442863ed2b06d19c37f94d999035e15ee982988920e12a5b4ba29b62ad1f77",
                "sha256:671cd1187ed5e62818414afe79ed29da836dde67166a9fac6d435873c44fdd02",
                "sha256:694deca8d702d5db21ec83983ce0bb4b26a578e71fbdbd4fdcd387daa90e4d5e",
                "sha256:6a074d34ee7a5ce3effbc526b7083ec9731bb3cbf921bbe1d3005d4d2bdb3a63",
                "sha256:6d0072fea50feec76a4c418096652f2c3238eaa014b2f94aeb1d56a66b41403f",
                "sha256:6fbf47b5d3728c6aea2abb0589b5d30459e369baa772e0f37a0320185e87c980",
                "sha256:7f91197cc9e48f989d12e4e6fbc46495c446636dfc81b9ccf50bb0ec74b91d4b",
                "sha256:86b1f75c4e7c2ac2ccdaec2b9022845dbb81880ca318bb7a0a01fbf7813e3812",
                "sha256:8dc1c72a69aa7e082593c4a203dcf94ddb74bb5c8a731e4e1eb68d031e8498ff",
                "sha256:8e3dcf21f367459434c18e71b2a9532d96547aef8a871872a5bd69a715c15f96",
                "sha256:8e576a51ad59e4bfaac456023a78f6b5e6e7651dcd383bcc3e18d06f9b55d6d1",
                "sha256:96e37a3dc86e80bf81758c152fe66dbf60ed5eca3d26305edf01892257049925",
                "sha256:97a68e6ada378df82bc9f16b800ab77cbf4b2fada0081794318520138c088e4a",
                "sha256:99a2a507ed3ac881b975a2976d59f38c19386d128e7a9a18b7df6fff1fd4c1d6",
                "sha256:a49907dd8420c5685cfa064a1335b6754b74541bbb3706c259c02ed65b644b3e",
                "sha256:b09bf97215625a311f669476f44b8b318b075847b49316d3e28c08e41a7a573f",
                "sha256:b7bd98b796e2b6553da7225aeb61f447f80a1ca64f41d83612e6139ca5213aa4",
                "sha256:b87db4360013327109564f0e591bd2a3b318547bcef31b468a92ee504d07ae4f",
                "sha256:bcb3ed405ed3222f9904899563d6fc492ff75cce56cba05e32eff40e6acbeaa3",
                "sha256:d4306c36ca495956b6d568d276ac11fdd9c30a36f1b6eb928070dc5360b22e1c",
                "sha256:d5ee4f386140395a2c818d149221149c54849dfcfcb9f1debfe07a8b8bd63f9a",
                "sha256:dda30ba7e87fbbb7eab1ec9f58678558fd9a6b8b853530e176eabd064da81417",
                "sha256:e04e26803c9c3851c931eac40c695602c6295b8d432cbe78609649ad9bd2da8a",
                "sha256:e1c0b87e09fa55a220f058d1d49d3fb8df88fbfab58558f1198e08c1e1de842a",
                "sha256:e72591e9ecd94d7feb70c1cbd7be7b3ebea3f548870aa91e2732960fa4d57a37",
                "sha256:e8c843bbcda3a2f1e3c2ab25913c80a3c5376cd00c6e8c4a86a89a28c8dc5452",
                "sha256:efc1913fd2ca4f334418481c7e595c00aad186563bbc1ec76067848c7ca0a933",
                "sha256:f121a1420d4e173a5d96e47e9a0c0dcff965afdf1626d28de1460815f7c4ee7a",
                "sha256:fc7b548b17d238737688817ab67deebb30e8073c95749d55538ed473130ec0c7"
            ],
            "markers": "python_version >= '3.7'",
            "version": "==2.1.1"
        },
        "mongoengine": {
            "hashes": [
                "sha256:01baac85f408f5eefb6195c0afeae631e7fc6fab5cb221a7b46646f94227d6da",
                "sha256:68878b65bcb3751debcba4342180a180161cdb5f46525027e622ad081dd44fac"
            ],
            "markers": "python_version >= '3.6'",
            "version": "==0.24.1"
        },
        "msrest": {
            "hashes": [
                "sha256:72661bc7bedc2dc2040e8f170b6e9ef226ee6d3892e01affd4d26b06474d68d8",
                "sha256:c840511c845330e96886011a236440fafc2c9aff7b2df9c0a92041ee2dee3782"
            ],
            "version": "==0.6.21"
        },
        "oauthlib": {
            "hashes": [
                "sha256:23a8208d75b902797ea29fd31fa80a15ed9dc2c6c16fe73f5d346f83f6fa27a2",
                "sha256:6db33440354787f9b7f3a6dbd4febf5d0f93758354060e802f6c06cb493022fe"
            ],
            "markers": "python_version >= '3.6'",
            "version": "==3.2.0"
        },
        "psutil": {
            "hashes": [
                "sha256:0ee3c36428f160d2d8fce3c583a0353e848abb7de9732c50cf3356dd49ad63f8",
                "sha256:10512b46c95b02842c225f58fa00385c08fa00c68bac7da2d9a58ebe2c517498",
                "sha256:4080869ed93cce662905b029a1770fe89c98787e543fa7347f075ade761b19d6",
                "sha256:5e9d0f26d4194479a13d5f4b3798260c20cecf9ac9a461e718eb59ea520a360c",
                "sha256:66c18ca7680a31bf16ee22b1d21b6397869dda8059dbdb57d9f27efa6615f195",
                "sha256:68d36986ded5dac7c2dcd42f2682af1db80d4bce3faa126a6145c1637e1b559f",
                "sha256:90990af1c3c67195c44c9a889184f84f5b2320dce3ee3acbd054e3ba0b4a7beb",
                "sha256:a5b120bb3c0c71dfe27551f9da2f3209a8257a178ed6c628a819037a8df487f1",
                "sha256:d8a82162f23c53b8525cf5f14a355f5d1eea86fa8edde27287dd3a98399e4fdf",
                "sha256:f2018461733b23f308c298653c8903d32aaad7873d25e1d228765e91ae42c3f2",
                "sha256:ff1977ba1a5f71f89166d5145c3da1cea89a0fdb044075a12c720ee9123ec818"
            ],
            "index": "pypi",
            "version": "==5.7.2"
        },
        "pymongo": {
            "hashes": [
                "sha256:019a386dfa4eaddb067274a32a0a7aa1bcad4d0fff15e92cb46ffe58321bc9ae",
                "sha256:076e96bbedc34df1e55b0682a13510d2ef1317ea4758ebe9c0388b39c5f60f17",
                "sha256:092f5c9a65a467218e39c6388454d122f592c9341971dc1121e238dcafa08bc0",
                "sha256:0ac5c7dfb02a2c82f21806266036aa8c3a63d9c16ac00102d3f5780a8a62b002",
                "sha256:0b64ee18b67e38458e8acc4d52ee413095f98a4bdaf4a5eed2ddd1726ce314bc",
                "sha256:0ea53cbf22ebdbeb53e81622c688987041ea08d01cf6e501ecf810bbaf2fb8d5",
                "sha256:0ed20c6869843ef9c07619f5fbd06a5dc49a3e47dfeca02c4eab719dba9cdfa7",
                "sha256:11b806e07cb9fb3d69d5330145c9903c606c5d81951a8e2aa121886f1aebee22",
                "sha256:15129240f0fffc133f70d334308d5829fb6a77172e09236b4b24c2e759278634",
                "sha256:19ca416608b744272ba64993d7439bf52cda23f96f99b7b81fddaccd06ba29c7",
                "sha256:26a4c1711a8e6e7d57d6bc6bfff6dae39fadb790a28cb120d853ed3e1e49a4da",
                "sha256:2824714d767b4a0b17472b8b93ef2491b28533cca83f1af47d9c905d362df94d",
                "sha256:2c893f88fec9231fcaa41d53306dffebb162c9b38867780305edaa830522749e",
                "sha256:2e553dae2885a2d1d4ef5521f37ce626ffaa971073ae987d49f60a11f4ae79c4",
                "sha256:3364b5c153b0de15c39cd13c5ee73a473f7337eb2d9610711f50f14a3a611413",
                "sha256:3bc96fdc0af25e60665985204d3cfb9186ffd1f32fced31718f03811973dceb8",
                "sha256:3bfb604a565a594ca1b2a6b20050072d9af9830e7748c2c3243ba5e170710a4b",
                "sha256:4097b745c8d3295573aab0a1ad0e502227e01155b62f898bfa0babc623362c0c",
                "sha256:40ee6449bd2f946e9cd83d97752fb25fb72100bec586cece259fc4a23aa60fcc",
                "sha256:45a0d4327af93c3c9ac17822886b4b7cc418e9f0a2de17b293d701946f300d4d",
                "sha256:4b14f78563aae3474b826329dcd2b5f5643e6ff0c391a51572d89994cc126a23",
                "sha256:4b20defb90899b630555ca827033a0e4ddd3b19d609fc3937f7582dadb700c9b",
                "sha256:4d4c64b03e5d39cd219b1eadf4eb66f15e711fff8bff6e9cb0d9f95571e1621e",
                "sha256:4e15a0bfbdad62983209fc23925f56c19ac372a06c18f26be8f55aff114126c4",
                "sha256:4f22f10e657a6d823bc10891fa4902c59a2a4768d8134ef7a85fe4aa7511e214",
                "sha256:4fec55c0b9e4111a9633a32c7387c966b72f4127a6dc9e10d8d421d45184e8eb",
                "sha256:532eb6b92901e6aa9918f87bebd85d74fba8d651d9a6f321fa945ce3655d5af8",
                "sha256:547472d7838359b166d19f635cde0eeb2dc0f18cceb5bf3cb8639c506014e2a1",
                "sha256:574a533c17b090ecc7b865d9ae4a6f111fb50711ad14bbc1d5eb2871c40d2eb7",
                "sha256:5ea229163b589cee8560afd1b9eeab83afa363488f0ac83594937253046e5273",
                "sha256:60b8b9903332048f8b479d26f01961bcba222d0e58bd9a0906d52cd9c9bb34b7",
                "sha256:6a14e4e417d6498b983e4fe8b06dd7ded53872bbf87961e2f1f649ae7135e7af",
                "sha256:6d6ce4a7b494e0b40492c7c084816cfe9c5cbb4ef4797f6cda40c174bd14a068",
                "sha256:706f2bf6398627eb843ba40d73d21476a141b32d152bc077bbf5b780ffe5290d",
                "sha256:729d6abe0e48c4fdfbc77a519fdcd9034d66104dadad643f1898a1bdd94ffbba",
                "sha256:72ff636cd1040d49af11c516f00a50181723d0d39cd0ab416adfb95058b6fcf8",
                "sha256:7f3c6f698df84b7f2d839ca6102192fbb8a653058bbf0cd98f03aee2cd8cc967",
                "sha256:8f81f1fcb71cfd8120bd04b26dccfe4da2bdb25e2cdf38383603a8a265a97498",
                "sha256:93341b00440298026acb8db612b0fb98d6d348ee894471c644b223cf8a747984",
                "sha256:942b7f7ffe1ceb77319f7051bcbd139d2232ab40b9bec81579623df48b4619df",
                "sha256:9799de702daa246ac8e6dfb1fa6845066445a334c658688582ceaa6fff0bdca0",
                "sha256:98c63f3bf91ff39d22c5330fb57f29e1045925df7e9dcaaedb978e1d94cdf9e8",
                "sha256:9ac7f4029acafdb72133c8e46155cf82be1735d290250a12204c0cb8b94ee87b",
                "sha256:9b944ba110300a30b0e0bfea0018ed272da06591ea985af4a70b09226e3f928f",
                "sha256:a893849c595512bd61a1f393cd5fbb063e511798f57face7553291370a0b34d8",
                "sha256:a9a66d2eb1541771f5587da969490bf7b71085f3444bc0854c4e4ac8f74aabc4",
                "sha256:af196696e866b80efedf19b860e82e7579e3a0c292a4660d8b3341b3068a35a9",
                "sha256:b1d1912dbcca4d37a60429f07b120034136e3881614f81375ae21330ef9b6ad0",
                "sha256:b5068ebb8dd51f902b25c5f3c7b53d19c58399435a7b2d71a5fc700546a457d3",
                "sha256:b5968ef30685068aef64dea9c461cb774ff12932aa00396de52d3a919ffaf463",
                "sha256:b6e4f94aed1fd2a1fa5326a21dc2eed2374190708be2796e19f8fd37b2f91959",
                "sha256:bc1e1c0661605395e2314e9c41b0146723478e64fdcecfa7da7d24afe4a7d2cf",
                "sha256:bdcb32c22946966b0fe7bbcbf91a9c8392a7659ab5ac54355e650aee4c615c04",
                "sha256:bf9448811d649361e7d2b873d05b24075d77a038b9336761129b04d7147068a7",
                "sha256:c090907837434524d7df73dab67a5f087e48d719cd50076472c2e85a902ab492",
                "sha256:c0e25a8ce9932e660391b98c66b75e9b1fa3949aa937824e7ed4ff6ad582d0c9",
                "sha256:c1dbcc6867f50a4e725e51447cf0bc7d45b3943d73e58daf9fb537c5f970cdae",
                "sha256:c5311a8339560a7749e0d6c51c5e84f2dca981a2d07117721a2de39302976f0b",
                "sha256:c93edd3fdc45ff1ee1eff6900e3499caf832ec16b452560ba93f358a94329669",
                "sha256:cdd957d690fe77d3ea6aa9a6622bc0b34156e04a9b0bb87e378fb31a093386dc",
                "sha256:ce5fdebc875892bb6aafe2053ef0f8d7f99281b74e1224cd6ac9036dee625cc5",
                "sha256:ce99d3048658734fc5e80c51b1cfc27d3f301f525b94dbc38838a87ad61e12bb",
                "sha256:d08c182933e3654ae5265e3e76af3f5fcfa2bfac5eb40bc222bf8661b7e4c552",
                "sha256:d2d5d2f587f2a5125d9172222e3037e327d79bcb6e4958989680c1941d28f586",
                "sha256:d5bf753e02b25cae2be13de834b9fbaef29921784867c58ec5568a8b123ca85e",
                "sha256:dbd0c29baadb3c59f35952c526a015ff47965f1187a0c04eb54f9ea1686ad1ab",
                "sha256:dc64abc5f89007c1c5277153fb44c6da43397ede3d0466d3639d228d2e3fdc44",
                "sha256:e342b4165a1975423a0d8047dde5fc6392587d40edf16c7b87587de2c97ce826",
                "sha256:e676c1fd585ca3fab726e9def6ee021498e2e072d8a61b1170254951517d20b6",
                "sha256:e942fd04252fd8380a0d74a58c521e0c5385d693514893620e88cb8e68d5958c",
                "sha256:e9bb9425d4005d77404539e2b0e2c45caf2e4a6f70c888f21d3a4ced23482ff9",
                "sha256:ea00375486b02c592a068a55e3237807939b10833d23fb15fb60cd14b504a89d",
                "sha256:ea98c6d44d6dc5a78058bf9cc67b1bc01e86d0b7f8ed6eb6391b11592b33d2c7",
                "sha256:ed42dcc47910f2d30597baff98c6517e7dd1e2e50c607ea7024992714a348517",
                "sha256:ede2c98d81dcf839c073dd4c69ebfbd732905c6f6dc4b875830ff404ec3ab628",
                "sha256:ee9b73d774f4f2850bbd7c8f97c7cf5d3a12c559610074e218bc116ae4899102",
                "sha256:ef00b8592e66b6df3114c7379ec1e7e189e2018ad47eac3f427233a9838514f8",
                "sha256:efff1fc7beb16f43a332806538f4049fd3e25384a845347996d91ee6310a4fe1",
                "sha256:f609cba97330c83f5e50aed1d653c326c4cdc90976746593ee6b1c9d606f8d69",
                "sha256:f8f78b53d242fd7ce94f6f4044d71f0355c7ae97ba943d044b097257fc48aa5e",
                "sha256:fac638874a6ae5cc4937973257b411876fdf916ff808f9afd91ee475b6985913",
                "sha256:fea60a7b8455bb35548285b8bbcba955cc48d62589c8f4a6a333b2c8656818a5",
                "sha256:ffee707ce5390429e10adb47cff7de8389a61a82e1e36cf6538cfe264470657a"
            ],
            "markers": "python_version >= '3.6'",
            "version": "==4.0.2"
        },
        "python-dateutil": {
            "hashes": [
                "sha256:0123cacc1627ae19ddf3c27a5de5bd67ee4586fbdd6440d9748f8abb483d3e86",
                "sha256:961d03dc3453ebbc59dbdea9e4e11c5651520a876d0f4db161e8674aae935da9"
            ],
            "markers": "python_version >= '2.7' and python_version not in '3.0, 3.1, 3.2, 3.3'",
            "version": "==2.8.2"
        },
        "pytz": {
            "hashes": [
                "sha256:1e760e2fe6a8163bc0b3d9a19c4f84342afa0a2affebfaa84b01b978a02ecaa7",
                "sha256:e68985985296d9a66a881eb3193b0906246245294a881e7c8afe623866ac6a5c"
            ],
            "version": "==2022.1"
        },
        "requests": {
            "hashes": [
                "sha256:68d7c56fd5a8999887728ef304a6d12edc7be74f1cfa47714fc8b414525c9a61",
                "sha256:f22fa1e554c9ddfd16e6e41ac79759e17be9e492b3587efa038054674760e72d"
            ],
            "markers": "python_version >= '2.7' and python_version not in '3.0, 3.1, 3.2, 3.3, 3.4, 3.5'",
            "version": "==2.27.1"
        },
        "requests-oauthlib": {
            "hashes": [
                "sha256:2577c501a2fb8d05a304c09d090d6e47c306fef15809d102b327cf8364bddab5",
                "sha256:75beac4a47881eeb94d5ea5d6ad31ef88856affe2332b9aafb52c6452ccf0d7a"
            ],
            "markers": "python_version >= '2.7' and python_version not in '3.0, 3.1, 3.2, 3.3'",
            "version": "==1.3.1"
        },
        "s3transfer": {
            "hashes": [
                "sha256:7a6f4c4d1fdb9a2b640244008e142cbc2cd3ae34b386584ef044dd0f27101971",
                "sha256:95c58c194ce657a5f4fb0b9e60a84968c808888aed628cd98ab8771fe1db98ed"
            ],
            "markers": "python_version >= '3.6'",
            "version": "==0.5.2"
        },
        "six": {
            "hashes": [
                "sha256:1e61c37477a1626458e36f7b1d82aa5c9b094fa4802892072e49de9c60c4c926",
                "sha256:8abb2f1d86890a2dfb989f9a77cfcfd3e47c2a354b01111771326f8aa26e0254"
            ],
            "markers": "python_version >= '2.7' and python_version not in '3.0, 3.1, 3.2, 3.3'",
            "version": "==1.16.0"
        },
        "urllib3": {
            "hashes": [
                "sha256:44ece4d53fb1706f667c9bd1c648f5469a2ec925fcf3a776667042d645472c14",
                "sha256:aabaf16477806a5e1dd19aa41f8c2b7950dd3c746362d7e3223dbe6de6ac448e"
            ],
            "markers": "python_version >= '2.7' and python_version not in '3.0, 3.1, 3.2, 3.3, 3.4' and python_version < '4'",
            "version": "==1.26.9"
        },
        "werkzeug": {
            "hashes": [
                "sha256:1421ebfc7648a39a5c58c601b154165d05cf47a3cd0ccb70857cbdacf6c8f2b8",
                "sha256:b863f8ff057c522164b6067c9e28b041161b4be5ba4d0daceeaa50a163822d3c"
            ],
            "markers": "python_version >= '3.6'",
            "version": "==2.0.3"
        },
        "wtforms": {
            "hashes": [
                "sha256:6b351bbb12dd58af57ffef05bc78425d08d1914e0fd68ee14143b7ade023c5bc",
                "sha256:837f2f0e0ca79481b92884962b914eba4e72b7a2daaf1f939c890ed0124b834b"
            ],
            "markers": "python_version >= '3.7'",
            "version": "==3.0.1"
        }
    },
    "develop": {
        "astroid": {
            "hashes": [
                "sha256:87ae7f2398b8a0ae5638ddecf9987f081b756e0e9fc071aeebdca525671fc4dc",
                "sha256:b31c92f545517dcc452f284bc9c044050862fbe6d93d2b3de4a215a6b384bf0d"
            ],
            "markers": "python_version >= '3.6'",
            "version": "==2.5"
        },
        "isort": {
            "hashes": [
                "sha256:54da7e92468955c4fceacd0c86bd0ec997b0e1ee80d97f67c35a78b719dccab1",
                "sha256:6e811fcb295968434526407adb8796944f1988c5b65e8139058f2014cbe100fd"
            ],
            "markers": "python_version >= '2.7' and python_version not in '3.0, 3.1, 3.2, 3.3'",
            "version": "==4.3.21"
        },
        "lazy-object-proxy": {
            "hashes": [
                "sha256:043651b6cb706eee4f91854da4a089816a6606c1428fd391573ef8cb642ae4f7",
                "sha256:07fa44286cda977bd4803b656ffc1c9b7e3bc7dff7d34263446aec8f8c96f88a",
                "sha256:12f3bb77efe1367b2515f8cb4790a11cffae889148ad33adad07b9b55e0ab22c",
                "sha256:2052837718516a94940867e16b1bb10edb069ab475c3ad84fd1e1a6dd2c0fcfc",
                "sha256:2130db8ed69a48a3440103d4a520b89d8a9405f1b06e2cc81640509e8bf6548f",
                "sha256:39b0e26725c5023757fc1ab2a89ef9d7ab23b84f9251e28f9cc114d5b59c1b09",
                "sha256:46ff647e76f106bb444b4533bb4153c7370cdf52efc62ccfc1a28bdb3cc95442",
                "sha256:4dca6244e4121c74cc20542c2ca39e5c4a5027c81d112bfb893cf0790f96f57e",
                "sha256:553b0f0d8dbf21890dd66edd771f9b1b5f51bd912fa5f26de4449bfc5af5e029",
                "sha256:677ea950bef409b47e51e733283544ac3d660b709cfce7b187f5ace137960d61",
                "sha256:6a24357267aa976abab660b1d47a34aaf07259a0c3859a34e536f1ee6e76b5bb",
                "sha256:6a6e94c7b02641d1311228a102607ecd576f70734dc3d5e22610111aeacba8a0",
                "sha256:6aff3fe5de0831867092e017cf67e2750c6a1c7d88d84d2481bd84a2e019ec35",
                "sha256:6ecbb350991d6434e1388bee761ece3260e5228952b1f0c46ffc800eb313ff42",
                "sha256:7096a5e0c1115ec82641afbdd70451a144558ea5cf564a896294e346eb611be1",
                "sha256:70ed0c2b380eb6248abdef3cd425fc52f0abd92d2b07ce26359fcbc399f636ad",
                "sha256:8561da8b3dd22d696244d6d0d5330618c993a215070f473b699e00cf1f3f6443",
                "sha256:85b232e791f2229a4f55840ed54706110c80c0a210d076eee093f2b2e33e1bfd",
                "sha256:898322f8d078f2654d275124a8dd19b079080ae977033b713f677afcfc88e2b9",
                "sha256:8f3953eb575b45480db6568306893f0bd9d8dfeeebd46812aa09ca9579595148",
                "sha256:91ba172fc5b03978764d1df5144b4ba4ab13290d7bab7a50f12d8117f8630c38",
                "sha256:9d166602b525bf54ac994cf833c385bfcc341b364e3ee71e3bf5a1336e677b55",
                "sha256:a57d51ed2997e97f3b8e3500c984db50a554bb5db56c50b5dab1b41339b37e36",
                "sha256:b9e89b87c707dd769c4ea91f7a31538888aad05c116a59820f28d59b3ebfe25a",
                "sha256:bb8c5fd1684d60a9902c60ebe276da1f2281a318ca16c1d0a96db28f62e9166b",
                "sha256:c19814163728941bb871240d45c4c30d33b8a2e85972c44d4e63dd7107faba44",
                "sha256:c4ce15276a1a14549d7e81c243b887293904ad2d94ad767f42df91e75fd7b5b6",
                "sha256:c7a683c37a8a24f6428c28c561c80d5f4fd316ddcf0c7cab999b15ab3f5c5c69",
                "sha256:d609c75b986def706743cdebe5e47553f4a5a1da9c5ff66d76013ef396b5a8a4",
                "sha256:d66906d5785da8e0be7360912e99c9188b70f52c422f9fc18223347235691a84",
                "sha256:dd7ed7429dbb6c494aa9bc4e09d94b778a3579be699f9d67da7e6804c422d3de",
                "sha256:df2631f9d67259dc9620d831384ed7732a198eb434eadf69aea95ad18c587a28",
                "sha256:e368b7f7eac182a59ff1f81d5f3802161932a41dc1b1cc45c1f757dc876b5d2c",
                "sha256:e40f2013d96d30217a51eeb1db28c9ac41e9d0ee915ef9d00da639c5b63f01a1",
                "sha256:f769457a639403073968d118bc70110e7dce294688009f5c24ab78800ae56dc8",
                "sha256:fccdf7c2c5821a8cbd0a9440a456f5050492f2270bd54e94360cac663398739b",
                "sha256:fd45683c3caddf83abbb1249b653a266e7069a09f486daa8863fb0e7496a9fdb"
            ],
            "markers": "python_version >= '3.6'",
            "version": "==1.7.1"
        },
        "mccabe": {
            "hashes": [
                "sha256:ab8a6258860da4b6677da4bd2fe5dc2c659cff31b3ee4f7f5d64e79735b80d42",
                "sha256:dd8d182285a0fe56bace7f45b5e7d1a6ebcbf524e8f3bd87eb0f125271b8831f"
            ],
            "version": "==0.6.1"
        },
        "pylint": {
            "hashes": [
                "sha256:7dd78437f2d8d019717dbf287772d0b2dbdfd13fc016aa7faa08d67bccc46adc",
                "sha256:d0ece7d223fe422088b0e8f13fa0a1e8eb745ebffcb8ed53d3e95394b6101a1c"
            ],
            "index": "pypi",
            "version": "==2.5.3"
        },
        "toml": {
            "hashes": [
                "sha256:806143ae5bfb6a3c6e736a764057db0e6a0e05e338b5630894a5f779cabb4f9b",
                "sha256:b3bda1d108d5dd99f4a20d24d9c348e91c4db7ab1b749200bded2f839ccbe68f"
            ],
            "markers": "python_version >= '2.6' and python_version not in '3.0, 3.1, 3.2, 3.3'",
            "version": "==0.10.2"
        },
        "wrapt": {
            "hashes": [
                "sha256:b62ffa81fb85f4332a4f609cab4ac40709470da05643a082ec1eb88e6d9b97d7"
            ],
            "version": "==1.12.1"
        }
    }
}
