{
    "_meta": {
        "hash": {
            "sha256": "33f05f3fff31acc336b8adb34c396040bc1edaefbd0f9cc6d6d74d07a4b92b49"
        },
        "pipfile-spec": 6,
        "requires": {
            "python_version": "3.8"
        },
        "sources": [
            {
                "name": "pypi",
                "url": "https://pypi.org/simple",
                "verify_ssl": true
            }
        ]
    },
    "default": {
        "aniso8601": {
            "hashes": [
                "sha256:1d2b7ef82963909e93c4f24ce48d4de9e66009a21bf1c1e1c85bdd0812fe412f",
                "sha256:72e3117667eedf66951bb2d93f4296a56b94b078a8a95905a052611fb3f1b973"
            ],
            "version": "==9.0.1"
        },
        "azure-cognitiveservices-vision-face": {
            "hashes": [
                "sha256:ade59bfe897aead3ef63989acb1d674d7d1289fc0e504593faabb7d73b8d60fa",
                "sha256:b6e102d7838acd92256e9a2a7a5e9ac5c7531cf82c22b6f3e668f4b76e4bd148"
            ],
            "index": "pypi",
            "version": "==0.4.1"
        },
        "azure-common": {
            "hashes": [
                "sha256:426673962740dbe9aab052a4b52df39c07767decd3f25fdc87c9d4c566a04934",
                "sha256:9f3f5d991023acbd93050cf53c4e863c6973ded7e236c69e99c8ff5c7bad41ef"
            ],
            "version": "==1.1.27"
        },
        "blinker": {
            "hashes": [
                "sha256:471aee25f3992bd325afa3772f1063dbdbbca947a041b8b89466dc00d606f8b6"
            ],
            "version": "==1.4"
        },
        "boto3": {
            "hashes": [
                "sha256:2ea0e0aa1494ef87a342260da8d9381000d774e73d83ee3d7c2906fefcbe2c32",
                "sha256:3d9cb5edeff09598b7065abe5b42affb0b6e1c0c805ab57c051d0f3592a0f02b"
            ],
            "index": "pypi",
            "version": "==1.20.45"
        },
        "botocore": {
            "hashes": [
                "sha256:782323846dad22ea814a64bd64b89c7f04550812d3945ce77748b2bac6fe745b",
                "sha256:793a0a4b572bfb157ba17971e4d783766f59c5a0f117407bbeefeb577efa1ed1"
            ],
            "markers": "python_version >= '3.6'",
            "version": "==1.23.45"
        },
        "certifi": {
            "hashes": [
                "sha256:78884e7c1d4b00ce3cea67b44566851c4343c120abd683433ce934a68ea58872",
                "sha256:d62a0163eb4c2344ac042ab2bdf75399a71a2d8c7d47eac2e2ee91b9d6339569"
            ],
            "version": "==2021.10.8"
        },
        "charset-normalizer": {
            "hashes": [
                "sha256:876d180e9d7432c5d1dfd4c5d26b72f099d503e8fcc0feb7532c9289be60fcbd",
                "sha256:cb957888737fc0bbcd78e3df769addb41fd1ff8cf950dc9e7ad7793f1bf44455"
            ],
            "markers": "python_version >= '3'",
            "version": "==2.0.10"
        },
        "click": {
            "hashes": [
                "sha256:353f466495adaeb40b6b5f592f9f91cb22372351c84caeb068132442a4518ef3",
                "sha256:410e932b050f5eed773c4cda94de75971c89cdb3155a72a0831139a79e5ecb5b"
            ],
            "markers": "python_version >= '3.6'",
            "version": "==8.0.3"
        },
        "elastic-apm": {
            "extras": [
                "flask"
            ],
            "hashes": [
                "sha256:0c766621a4d15ed4ff7dd195499df1af6d7eb8c13790a727bf05773de2952de0",
                "sha256:2187a0fd080cac7ed65dabfd64d7693ff187ae9b5ad4a810772387dca6877160",
                "sha256:2a0bb663d3f9388db233784356f218807b9cfe1f4d4fa4569f41b567c068b50f",
                "sha256:317e2a897b2a81d79bce42688975cfe0ccf6a3dc8025540c47093ea8ac5f1771",
                "sha256:3a91d2df89af564dbf0abccb3d370940083205247903fe6d708fa771b16fca38",
                "sha256:44fe2ce3ea57f97fce5fb32e747f6a9c9b361f5055608d59747c39ae06d1c526",
                "sha256:4ca9f42d4b841ce598819f2f3a4d516c549cd5c02ab43c8283ca406c3b92a2db",
                "sha256:56b34b30420aebf9566eeee3ffd633131ce51d1e2a4da6061f143a2b547d1980",
                "sha256:5a56d20734771a4f7823ec12492fcd17a15dac761ecf1452d034a9b9b8b83388",
                "sha256:6279cc28bd2f2bc2da478cebd5ace711b52549f736d138f950ebe0fa8f706a6f",
                "sha256:69bcac2cee8f16a093f57000128caab7d1d3d8ac1474e24ce45190264ffc5ebe",
                "sha256:7021b931210140e02540f3e56fdc8be07542eed10de82c9e5464dbe449a4c9aa",
                "sha256:70237e1242ae461500ed455f47a5518abdbdc565e47265eddf3ca1dad530a541",
                "sha256:7545f27703151ce71d73271a95662735cffb537189c214f778195a6fdab58533",
                "sha256:8525ba800fbd955b65af667c43889df2358c22b1ef66ee92a846f5f4bc8d7286",
                "sha256:8ba4239862f0b043d191a19e021637a25c3490f677cb8b1dd752bc425bb382e0",
                "sha256:8c98625cb825c404954763ca5a6f82e06b833a6e6a9e2035065dc9894b4dc6dc",
                "sha256:b02394f4d55af4f39086aee7bacf8652fde703f7226c5a564cdae9f7e2bf3f71",
                "sha256:b3b1815765638ce01f9dbd136822d79e887d8d09cd10bc8770d4cc1d530bb853",
                "sha256:b7bce10060abd98198d8a96e7f3e2e0e169dbd860c76e2c09e6a8874384eebb7",
                "sha256:b8f849202dffe97512843dd366c4104d07d3b319e42916e3e031cff3db7475db",
                "sha256:bc677614c198486ca4ef1026bde0c4efd74b936598ff9d64ea109f978a6381bb",
                "sha256:d19fe00915c60ceabee42ae8c0aa76c6a48c2ffa67c5ba7f0d0fbb856ac36c09",
                "sha256:d5561eb57eaa43c721258797dfab67b13938fdc94b7daec7a6ccb56dc524fe02",
                "sha256:dc04aa32c7a3a17c688e3cc4c6293f2176be2482d67efccc651ff1fbb5c00ed6",
                "sha256:e0d2c3463061b0e50ca53530bd5317498517d208618d90cf6e9933e93f9c727e",
                "sha256:e9a416418cb2f6deb7a18b68bd75dad0552b4fd85d3e72e59ae4add0e8739b1c"
            ],
            "index": "pypi",
            "version": "==5.8.1"
        },
        "flask": {
            "hashes": [
                "sha256:4efa1ae2d7c9865af48986de8aeb8504bf32c7f3d6fdc9353d34b21f4b127060",
                "sha256:8a4fdd8936eba2512e9c85df320a37e694c93945b33ef33c89946a340a238557"
            ],
            "index": "pypi",
            "version": "==1.1.2"
        },
        "flask-cors": {
            "hashes": [
                "sha256:72170423eb4612f0847318afff8c247b38bd516b7737adfc10d1c2cdbb382d16",
                "sha256:f4d97201660e6bbcff2d89d082b5b6d31abee04b1b3003ee073a6fd25ad1d69a"
            ],
            "index": "pypi",
            "version": "==3.0.8"
        },
        "flask-mongoengine": {
            "hashes": [
                "sha256:0f426aeafc4be2c37e9b4c0f8b5d02d012b7afc4b3b97a4119024684fe148fc1",
                "sha256:b6376b33cd1e624c09983a0884dc87303e54084f0e6b7f8df6794d56d35fa66f"
            ],
            "index": "pypi",
            "version": "==0.9.5"
        },
        "flask-restful": {
            "hashes": [
                "sha256:5ea9a5991abf2cb69b4aac19793faac6c032300505b325687d7c305ffaa76915",
                "sha256:d891118b951921f1cec80cabb4db98ea6058a35e6404788f9e70d5b243813ec2"
            ],
            "index": "pypi",
            "version": "==0.3.8"
        },
        "flask-restful-swagger": {
            "hashes": [
                "sha256:216150fa690e672a364625f2f9d35d6771bc9b57461f1a7d690e5bad284e7dd3"
            ],
            "index": "pypi",
            "version": "==0.20.2"
        },
        "flask-wtf": {
            "hashes": [
                "sha256:01feccfc395405cea48a3f36c23f0d766e2cc6fd2a5a065ad50ad3e5827ec797",
                "sha256:872fbb17b5888bfc734edbdcf45bc08fb365ca39f69d25dc752465a455517b28"
            ],
            "markers": "python_version >= '3.6'",
            "version": "==1.0.0"
        },
        "geographiclib": {
            "hashes": [
                "sha256:8f441c527b0b8a26cd96c965565ff0513d1e4d9952b704bf449409e5015c77b7",
                "sha256:ac400d672b8954b0306bca890b088bb8ba2a757dc8133cca0b878f34b33b2740"
            ],
            "version": "==1.52"
        },
        "geopy": {
            "hashes": [
                "sha256:b88e189f0d2e0051da45b6311d5b2ced59afaf1378eb27ebb57eaf37c166a03b",
                "sha256:fdc596bab67d9f4828f43bf9e97c4e0a1d1518b7c2357485cef0e1c3cf470220"
            ],
            "index": "pypi",
            "version": "==2.0.0"
        },
        "idna": {
            "hashes": [
                "sha256:84d9dd047ffa80596e0f246e2eab0b391788b0503584e8945f2368256d2735ff",
                "sha256:9d643ff0a55b762d5cdb124b8eaa99c66322e2157b69160bc32796e824360e6d"
            ],
            "markers": "python_version >= '3'",
            "version": "==3.3"
        },
        "isodate": {
            "hashes": [
                "sha256:0751eece944162659049d35f4f549ed815792b38793f07cf73381c1c87cbed96",
                "sha256:48c5881de7e8b0a0d648cb024c8062dc84e7b840ed81e864c7614fd3c127bde9"
            ],
            "version": "==0.6.1"
        },
        "itsdangerous": {
            "hashes": [
                "sha256:5174094b9637652bdb841a3029700391451bd092ba3db90600dea710ba28e97c",
                "sha256:9e724d68fc22902a1435351f84c3fb8623f303fffcc566a4cb952df8c572cff0"
            ],
            "markers": "python_version >= '3.6'",
            "version": "==2.0.1"
        },
        "jinja2": {
            "hashes": [
                "sha256:03e47ad063331dd6a3f04a43eddca8a966a26ba0c5b7207a9a9e4e08f1b29419",
                "sha256:a6d58433de0ae800347cab1fa3043cebbabe8baa9d29e668f1c768cb87a333c6"
            ],
            "markers": "python_version >= '2.7' and python_version not in '3.0, 3.1, 3.2, 3.3, 3.4'",
            "version": "==2.11.3"
        },
        "jmespath": {
            "hashes": [
                "sha256:b85d0567b8666149a93172712e68920734333c0ce7e89b78b3e987f71e5ed4f9",
                "sha256:cdf6525904cc597730141d61b36f2e4b8ecc257c420fa2f4549bac2c2d0cb72f"
            ],
            "markers": "python_version >= '2.6' and python_version not in '3.0, 3.1, 3.2, 3.3'",
            "version": "==0.10.0"
        },
        "kafka-python": {
            "hashes": [
                "sha256:513431184ecd08e706ca53421ff23e269fc052374084b45b49640419564dd704",
                "sha256:e59ad42dec8c7d54e3fbba0c1f8b54c44d92a3392d88242962d0c29803f2f6f8"
            ],
            "index": "pypi",
            "version": "==2.0.1"
        },
        "markupsafe": {
            "hashes": [
                "sha256:01a9b8ea66f1658938f65b93a85ebe8bc016e6769611be228d797c9d998dd298",
                "sha256:023cb26ec21ece8dc3907c0e8320058b2e0cb3c55cf9564da612bc325bed5e64",
                "sha256:0446679737af14f45767963a1a9ef7620189912317d095f2d9ffa183a4d25d2b",
                "sha256:04635854b943835a6ea959e948d19dcd311762c5c0c6e1f0e16ee57022669194",
                "sha256:0717a7390a68be14b8c793ba258e075c6f4ca819f15edfc2a3a027c823718567",
                "sha256:0955295dd5eec6cb6cc2fe1698f4c6d84af2e92de33fbcac4111913cd100a6ff",
                "sha256:0d4b31cc67ab36e3392bbf3862cfbadac3db12bdd8b02a2731f509ed5b829724",
                "sha256:10f82115e21dc0dfec9ab5c0223652f7197feb168c940f3ef61563fc2d6beb74",
                "sha256:168cd0a3642de83558a5153c8bd34f175a9a6e7f6dc6384b9655d2697312a646",
                "sha256:1d609f577dc6e1aa17d746f8bd3c31aa4d258f4070d61b2aa5c4166c1539de35",
                "sha256:1f2ade76b9903f39aa442b4aadd2177decb66525062db244b35d71d0ee8599b6",
                "sha256:20dca64a3ef2d6e4d5d615a3fd418ad3bde77a47ec8a23d984a12b5b4c74491a",
                "sha256:2a7d351cbd8cfeb19ca00de495e224dea7e7d919659c2841bbb7f420ad03e2d6",
                "sha256:2d7d807855b419fc2ed3e631034685db6079889a1f01d5d9dac950f764da3dad",
                "sha256:2ef54abee730b502252bcdf31b10dacb0a416229b72c18b19e24a4509f273d26",
                "sha256:36bc903cbb393720fad60fc28c10de6acf10dc6cc883f3e24ee4012371399a38",
                "sha256:37205cac2a79194e3750b0af2a5720d95f786a55ce7df90c3af697bfa100eaac",
                "sha256:3c112550557578c26af18a1ccc9e090bfe03832ae994343cfdacd287db6a6ae7",
                "sha256:3dd007d54ee88b46be476e293f48c85048603f5f516008bee124ddd891398ed6",
                "sha256:4296f2b1ce8c86a6aea78613c34bb1a672ea0e3de9c6ba08a960efe0b0a09047",
                "sha256:47ab1e7b91c098ab893b828deafa1203de86d0bc6ab587b160f78fe6c4011f75",
                "sha256:49e3ceeabbfb9d66c3aef5af3a60cc43b85c33df25ce03d0031a608b0a8b2e3f",
                "sha256:4dc8f9fb58f7364b63fd9f85013b780ef83c11857ae79f2feda41e270468dd9b",
                "sha256:4efca8f86c54b22348a5467704e3fec767b2db12fc39c6d963168ab1d3fc9135",
                "sha256:53edb4da6925ad13c07b6d26c2a852bd81e364f95301c66e930ab2aef5b5ddd8",
                "sha256:5855f8438a7d1d458206a2466bf82b0f104a3724bf96a1c781ab731e4201731a",
                "sha256:594c67807fb16238b30c44bdf74f36c02cdf22d1c8cda91ef8a0ed8dabf5620a",
                "sha256:5b6d930f030f8ed98e3e6c98ffa0652bdb82601e7a016ec2ab5d7ff23baa78d1",
                "sha256:5bb28c636d87e840583ee3adeb78172efc47c8b26127267f54a9c0ec251d41a9",
                "sha256:60bf42e36abfaf9aff1f50f52644b336d4f0a3fd6d8a60ca0d054ac9f713a864",
                "sha256:611d1ad9a4288cf3e3c16014564df047fe08410e628f89805e475368bd304914",
                "sha256:6300b8454aa6930a24b9618fbb54b5a68135092bc666f7b06901f897fa5c2fee",
                "sha256:63f3268ba69ace99cab4e3e3b5840b03340efed0948ab8f78d2fd87ee5442a4f",
                "sha256:6557b31b5e2c9ddf0de32a691f2312a32f77cd7681d8af66c2692efdbef84c18",
                "sha256:693ce3f9e70a6cf7d2fb9e6c9d8b204b6b39897a2c4a1aa65728d5ac97dcc1d8",
                "sha256:6a7fae0dd14cf60ad5ff42baa2e95727c3d81ded453457771d02b7d2b3f9c0c2",
                "sha256:6c4ca60fa24e85fe25b912b01e62cb969d69a23a5d5867682dd3e80b5b02581d",
                "sha256:6fcf051089389abe060c9cd7caa212c707e58153afa2c649f00346ce6d260f1b",
                "sha256:7d91275b0245b1da4d4cfa07e0faedd5b0812efc15b702576d103293e252af1b",
                "sha256:89c687013cb1cd489a0f0ac24febe8c7a666e6e221b783e53ac50ebf68e45d86",
                "sha256:8d206346619592c6200148b01a2142798c989edcb9c896f9ac9722a99d4e77e6",
                "sha256:905fec760bd2fa1388bb5b489ee8ee5f7291d692638ea5f67982d968366bef9f",
                "sha256:97383d78eb34da7e1fa37dd273c20ad4320929af65d156e35a5e2d89566d9dfb",
                "sha256:984d76483eb32f1bcb536dc27e4ad56bba4baa70be32fa87152832cdd9db0833",
                "sha256:99df47edb6bda1249d3e80fdabb1dab8c08ef3975f69aed437cb69d0a5de1e28",
                "sha256:9f02365d4e99430a12647f09b6cc8bab61a6564363f313126f775eb4f6ef798e",
                "sha256:a30e67a65b53ea0a5e62fe23682cfe22712e01f453b95233b25502f7c61cb415",
                "sha256:ab3ef638ace319fa26553db0624c4699e31a28bb2a835c5faca8f8acf6a5a902",
                "sha256:aca6377c0cb8a8253e493c6b451565ac77e98c2951c45f913e0b52facdcff83f",
                "sha256:add36cb2dbb8b736611303cd3bfcee00afd96471b09cda130da3581cbdc56a6d",
                "sha256:b2f4bf27480f5e5e8ce285a8c8fd176c0b03e93dcc6646477d4630e83440c6a9",
                "sha256:b7f2d075102dc8c794cbde1947378051c4e5180d52d276987b8d28a3bd58c17d",
                "sha256:baa1a4e8f868845af802979fcdbf0bb11f94f1cb7ced4c4b8a351bb60d108145",
                "sha256:be98f628055368795d818ebf93da628541e10b75b41c559fdf36d104c5787066",
                "sha256:bf5d821ffabf0ef3533c39c518f3357b171a1651c1ff6827325e4489b0e46c3c",
                "sha256:c47adbc92fc1bb2b3274c4b3a43ae0e4573d9fbff4f54cd484555edbf030baf1",
                "sha256:cdfba22ea2f0029c9261a4bd07e830a8da012291fbe44dc794e488b6c9bb353a",
                "sha256:d6c7ebd4e944c85e2c3421e612a7057a2f48d478d79e61800d81468a8d842207",
                "sha256:d7f9850398e85aba693bb640262d3611788b1f29a79f0c93c565694658f4071f",
                "sha256:d8446c54dc28c01e5a2dbac5a25f071f6653e6e40f3a8818e8b45d790fe6ef53",
                "sha256:deb993cacb280823246a026e3b2d81c493c53de6acfd5e6bfe31ab3402bb37dd",
                "sha256:e0f138900af21926a02425cf736db95be9f4af72ba1bb21453432a07f6082134",
                "sha256:e9936f0b261d4df76ad22f8fee3ae83b60d7c3e871292cd42f40b81b70afae85",
                "sha256:f0567c4dc99f264f49fe27da5f735f414c4e7e7dd850cfd8e69f0862d7c74ea9",
                "sha256:f5653a225f31e113b152e56f154ccbe59eeb1c7487b39b9d9f9cdb58e6c79dc5",
                "sha256:f826e31d18b516f653fe296d967d700fddad5901ae07c622bb3705955e1faa94",
                "sha256:f8ba0e8349a38d3001fae7eadded3f6606f0da5d748ee53cc1dab1d6527b9509",
                "sha256:f9081981fe268bd86831e5c75f7de206ef275defcb82bc70740ae6dc507aee51",
                "sha256:fa130dd50c57d53368c9d59395cb5526eda596d3ffe36666cd81a44d56e48872"
            ],
            "markers": "python_version >= '3.6'",
            "version": "==2.0.1"
        },
        "mongoengine": {
            "hashes": [
                "sha256:3d1c8b9f5d43144bd726a3f01e58d2831c6fb112960a4a60b3a26fa85e026ab3",
                "sha256:de275e70cd58891dc46eef43369c522ce450dccb6d6f1979cbc9b93e6bdaf6cb"
            ],
            "markers": "python_version >= '3.6'",
            "version": "==0.23.1"
        },
        "msrest": {
            "hashes": [
                "sha256:72661bc7bedc2dc2040e8f170b6e9ef226ee6d3892e01affd4d26b06474d68d8",
                "sha256:c840511c845330e96886011a236440fafc2c9aff7b2df9c0a92041ee2dee3782"
            ],
            "version": "==0.6.21"
        },
        "oauthlib": {
            "hashes": [
                "sha256:42bf6354c2ed8c6acb54d971fce6f88193d97297e18602a3a886603f9d7730cc",
                "sha256:8f0215fcc533dd8dd1bee6f4c412d4f0cd7297307d43ac61666389e3bc3198a3"
            ],
            "markers": "python_version >= '3.6'",
            "version": "==3.1.1"
        },
        "psutil": {
            "hashes": [
                "sha256:0ee3c36428f160d2d8fce3c583a0353e848abb7de9732c50cf3356dd49ad63f8",
                "sha256:10512b46c95b02842c225f58fa00385c08fa00c68bac7da2d9a58ebe2c517498",
                "sha256:4080869ed93cce662905b029a1770fe89c98787e543fa7347f075ade761b19d6",
                "sha256:5e9d0f26d4194479a13d5f4b3798260c20cecf9ac9a461e718eb59ea520a360c",
                "sha256:66c18ca7680a31bf16ee22b1d21b6397869dda8059dbdb57d9f27efa6615f195",
                "sha256:68d36986ded5dac7c2dcd42f2682af1db80d4bce3faa126a6145c1637e1b559f",
                "sha256:90990af1c3c67195c44c9a889184f84f5b2320dce3ee3acbd054e3ba0b4a7beb",
                "sha256:a5b120bb3c0c71dfe27551f9da2f3209a8257a178ed6c628a819037a8df487f1",
                "sha256:d8a82162f23c53b8525cf5f14a355f5d1eea86fa8edde27287dd3a98399e4fdf",
                "sha256:f2018461733b23f308c298653c8903d32aaad7873d25e1d228765e91ae42c3f2",
                "sha256:ff1977ba1a5f71f89166d5145c3da1cea89a0fdb044075a12c720ee9123ec818"
            ],
            "index": "pypi",
            "version": "==5.7.2"
        },
        "pymongo": {
            "hashes": [
                "sha256:06b64cdf5121f86b78a84e61b8f899b6988732a8d304b503ea1f94a676221c06",
                "sha256:07398d8a03545b98282f459f2603a6bb271f4448d484ed7f411121a519a7ea48",
                "sha256:0a02313e71b7c370c43056f6b16c45effbb2d29a44d24403a3d5ba6ed322fa3f",
                "sha256:0a89cadc0062a5e53664dde043f6c097172b8c1c5f0094490095282ff9995a5f",
                "sha256:0be605bfb8461384a4cb81e80f51eb5ca1b89851f2d0e69a75458c788a7263a4",
                "sha256:0d52a70350ec3dfc39b513df12b03b7f4c8f8ec6873bbf958299999db7b05eb1",
                "sha256:0e7a5d0b9077e8c3e57727f797ee8adf12e1d5e7534642230d98980d160d1320",
                "sha256:145d78c345a38011497e55aff22c0f8edd40ee676a6810f7e69563d68a125e83",
                "sha256:14dee106a10b77224bba5efeeb6aee025aabe88eb87a2b850c46d3ee55bdab4a",
                "sha256:176fdca18391e1206c32fb1d8265628a84d28333c20ad19468d91e3e98312cd1",
                "sha256:1b4c535f524c9d8c86c3afd71d199025daa070859a2bdaf94a298120b0de16db",
                "sha256:1b5cb75d2642ff7db823f509641f143f752c0d1ab03166cafea1e42e50469834",
                "sha256:1c6c71e198b36f0f0dfe354f06d3655ecfa30d69493a1da125a9a54668aad652",
                "sha256:1c771f1a8b3cd2d697baaf57e9cfa4ae42371cacfbea42ea01d9577c06d92f96",
                "sha256:208a61db8b8b647fb5b1ff3b52b4ed6dbced01eac3b61009958adb203596ee99",
                "sha256:2157d68f85c28688e8b723bbe70c8013e0aba5570e08c48b3562f74d33fc05c4",
                "sha256:2301051701b27aff2cbdf83fae22b7ca883c9563dfd088033267291b46196643",
                "sha256:2567885ff0c8c7c0887ba6cefe4ae4af96364a66a7069f924ce0cd12eb971d04",
                "sha256:2577b8161eeae4dd376d13100b2137d883c10bb457dd08935f60c9f9d4b5c5f6",
                "sha256:27e5ea64332385385b75414888ce9d1a9806be8616d7cef4ef409f4f256c6d06",
                "sha256:28bfd5244d32faf3e49b5a8d1fab0631e922c26e8add089312e4be19fb05af50",
                "sha256:295a5beaecb7bf054c1c6a28749ed72b19f4d4b61edcd8a0815d892424baf780",
                "sha256:2c46a0afef69d61938a6fe32c3afd75b91dec3ab3056085dc72abbeedcc94166",
                "sha256:3100a2352bdded6232b385ceda0c0a4624598c517d52c2d8cf014b7abbebd84d",
                "sha256:320a1fe403dd83a35709fcf01083d14bc1462e9789b711201349a9158db3a87e",
                "sha256:320f8734553c50cffe8a8e1ae36dfc7d7be1941c047489db20a814d2a170d7b5",
                "sha256:33ab8c031f788609924e329003088831045f683931932a52a361d4a955b7dce2",
                "sha256:3492ae1f97209c66af70e863e6420e6301cecb0a51a5efa701058aa73a8ca29e",
                "sha256:351a2efe1c9566c348ad0076f4bf541f4905a0ebe2d271f112f60852575f3c16",
                "sha256:3f0ac6e0203bd88863649e6ed9c7cfe53afab304bc8225f2597c4c0a74e4d1f0",
                "sha256:3fedad05147b40ff8a93fcd016c421e6c159f149a2a481cfa0b94bfa3e473bab",
                "sha256:4294f2c1cd069b793e31c2e6d7ac44b121cf7cedccd03ebcc30f3fc3417b314a",
                "sha256:463b974b7f49d65a16ca1435bc1c25a681bb7d630509dd23b2e819ed36da0b7f",
                "sha256:4e0a3ea7fd01cf0a36509f320226bd8491e0f448f00b8cb89f601c109f6874e1",
                "sha256:514e78d20d8382d5b97f32b20c83d1d0452c302c9a135f0a9022236eb9940fda",
                "sha256:517b09b1dd842390a965a896d1327c55dfe78199c9f5840595d40facbcd81854",
                "sha256:51d1d061df3995c2332ae78f036492cc188cb3da8ef122caeab3631a67bb477e",
                "sha256:5296669bff390135528001b4e48d33a7acaffcd361d98659628ece7f282f11aa",
                "sha256:5296e5e69243ffd76bd919854c4da6630ae52e46175c804bc4c0e050d937b705",
                "sha256:58db209da08a502ce6948841d522dcec80921d714024354153d00b054571993c",
                "sha256:5b779e87300635b8075e8d5cfd4fdf7f46078cd7610c381d956bca5556bb8f97",
                "sha256:5cf113a46d81cff0559d57aa66ffa473d57d1a9496f97426318b6b5b14fdec1c",
                "sha256:5d20072d81cbfdd8e15e6a0c91fc7e3a4948c71e0adebfc67d3b4bcbe8602711",
                "sha256:5d67dbc8da2dac1644d71c1839d12d12aa333e266a9964d5b1a49feed036bc94",
                "sha256:5f530f35e1a57d4360eddcbed6945aecdaee2a491cd3f17025e7b5f2eea88ee7",
                "sha256:5fdffb0cfeb4dc8646a5381d32ec981ae8472f29c695bf09e8f7a8edb2db12ca",
                "sha256:602284e652bb56ca8760f8e88a5280636c5b63d7946fca1c2fe0f83c37dffc64",
                "sha256:648fcfd8e019b122b7be0e26830a3a2224d57c3e934f19c1e53a77b8380e6675",
                "sha256:64b9122be1c404ce4eb367ad609b590394587a676d84bfed8e03c3ce76d70560",
                "sha256:6526933760ee1e6090db808f1690a111ec409699c1990efc96f134d26925c37f",
                "sha256:6632b1c63d58cddc72f43ab9f17267354ddce563dd5e11eadabd222dcc808808",
                "sha256:6f93dbfa5a461107bc3f5026e0d5180499e13379e9404f07a9f79eb5e9e1303d",
                "sha256:71c0db2c313ea8a80825fb61b7826b8015874aec29ee6364ade5cb774fe4511b",
                "sha256:71c5c200fd37a5322706080b09c3ec8907cf01c377a7187f354fc9e9e13abc73",
                "sha256:7738147cd9dbd6d18d5593b3491b4620e13b61de975fd737283e4ad6c255c273",
                "sha256:7a6e4dccae8ef5dd76052647d78f02d5d0ffaff1856277d951666c54aeba3ad2",
                "sha256:7b4a9fcd95e978cd3c96cdc2096aa54705266551422cf0883c12a4044def31c6",
                "sha256:80710d7591d579442c67a3bc7ae9dcba9ff95ea8414ac98001198d894fc4ff46",
                "sha256:81a3ebc33b1367f301d1c8eda57eec4868e951504986d5d3fe437479dcdac5b2",
                "sha256:8455176fd1b86de97d859fed4ae0ef867bf998581f584c7a1a591246dfec330f",
                "sha256:845b178bd127bb074835d2eac635b980c58ec5e700ebadc8355062df708d5a71",
                "sha256:87e18f29bac4a6be76a30e74de9c9005475e27100acf0830679420ce1fd9a6fd",
                "sha256:89d7baa847383b9814de640c6f1a8553d125ec65e2761ad146ea2e75a7ad197c",
                "sha256:8c7ad5cab282f53b9d78d51504330d1c88c83fbe187e472c07e6908a0293142e",
                "sha256:8d92c6bb9174d47c2257528f64645a00bbc6324a9ff45a626192797aff01dc14",
                "sha256:9252c991e8176b5a2fa574c5ab9a841679e315f6e576eb7cf0bd958f3e39b0ad",
                "sha256:93111fd4e08fa889c126aa8baf5c009a941880a539c87672e04583286517450a",
                "sha256:95d15cf81cd2fb926f2a6151a9f94c7aacc102b415e72bc0e040e29332b6731c",
                "sha256:9d5b66d457d2c5739c184a777455c8fde7ab3600a56d8bbebecf64f7c55169e1",
                "sha256:a055d29f1302892a9389a382bed10a3f77708bcf3e49bfb76f7712fa5f391cc6",
                "sha256:a1ba93be779a9b8e5e44f5c133dc1db4313661cead8a2fd27661e6cb8d942ee9",
                "sha256:a283425e6a474facd73072d8968812d1d9058490a5781e022ccf8895500b83ce",
                "sha256:a351986d6c9006308f163c359ced40f80b6cffb42069f3e569b979829951038d",
                "sha256:a766157b195a897c64945d4ff87b050bb0e763bb78f3964e996378621c703b00",
                "sha256:a8a3540e21213cb8ce232e68a7d0ee49cdd35194856c50b8bd87eeb572fadd42",
                "sha256:a8e0a086dbbee406cc6f603931dfe54d1cb2fba585758e06a2de01037784b737",
                "sha256:ab23b0545ec71ea346bf50a5d376d674f56205b729980eaa62cdb7871805014b",
                "sha256:b0db9a4691074c347f5d7ee830ab3529bc5ad860939de21c1f9c403daf1eda9a",
                "sha256:b1b5be40ebf52c3c67ee547e2c4435ed5bc6352f38d23e394520b686641a6be4",
                "sha256:b3e08aef4ea05afbc0a70cd23c13684e7f5e074f02450964ec5cfa1c759d33d2",
                "sha256:b7df0d99e189b7027d417d4bfd9b8c53c9c7ed5a0a1495d26a6f547d820eca88",
                "sha256:be1f10145f7ea76e3e836fdc5c8429c605675bdcddb0bca9725ee6e26874c00c",
                "sha256:bf254a1a95e95fdf4eaa25faa1ea450a6533ed7a997f9f8e49ab971b61ea514d",
                "sha256:bfc2d763d05ec7211313a06e8571236017d3e61d5fef97fcf34ec4b36c0b6556",
                "sha256:c164eda0be9048f83c24b9b2656900041e069ddf72de81c17d874d0c32f6079f",
                "sha256:c22591cff80188dd8543be0b559d0c807f7288bd353dc0bcfe539b4588b3a5cd",
                "sha256:c5f83bb59d0ff60c6fdb1f8a7b0288fbc4640b1f0fd56f5ae2387749c35d34e3",
                "sha256:c7e8221278e5f9e2b6d3893cfc3a3e46c017161a57bb0e6f244826e4cee97916",
                "sha256:c8d6bf6fcd42cde2f02efb8126812a010c297eacefcd090a609639d2aeda6185",
                "sha256:c8f7dd025cb0bf19e2f60a64dfc24b513c8330e0cfe4a34ccf941eafd6194d9e",
                "sha256:c9d212e2af72d5c8d082775a43eb726520e95bf1c84826440f74225843975136",
                "sha256:cebb3d8bcac4a6b48be65ebbc5c9881ed4a738e27bb96c86d9d7580a1fb09e05",
                "sha256:d3082e5c4d7b388792124f5e805b469109e58f1ab1eb1fbd8b998e8ab766ffb7",
                "sha256:d81047341ab56061aa4b6823c54d4632579c3b16e675089e8f520e9b918a133b",
                "sha256:d81299f63dc33cc172c26faf59cc54dd795fc6dd5821a7676cca112a5ee8bbd6",
                "sha256:dfa217bf8cf3ff6b30c8e6a89014e0c0e7b50941af787b970060ae5ba04a4ce5",
                "sha256:dfec57f15f53d677b8e4535695ff3f37df7f8fe431f2efa8c3c8c4025b53d1eb",
                "sha256:e099b79ccf7c40f18b149a64d3d10639980035f9ceb223169dd806ff1bb0d9cc",
                "sha256:e1fc4d3985868860b6585376e511bb32403c5ffb58b0ed913496c27fd791deea",
                "sha256:e2b4c95c47fb81b19ea77dc1c50d23af3eba87c9628fcc2e03d44124a3d336ea",
                "sha256:e4e5d163e6644c2bc84dd9f67bfa89288c23af26983d08fefcc2cbc22f6e57e6",
                "sha256:e66b3c9f8b89d4fd58a59c04fdbf10602a17c914fbaaa5e6ea593f1d54b06362",
                "sha256:ed7d11330e443aeecab23866055e08a5a536c95d2c25333aeb441af2dbac38d2",
                "sha256:f340a2a908644ea6cccd399be0fb308c66e05d2800107345f9f0f0d59e1731c4",
                "sha256:f38b35ecd2628bf0267761ed659e48af7e620a7fcccfccf5774e7308fb18325c",
                "sha256:f6d5443104f89a840250087863c91484a72f254574848e951d1bdd7d8b2ce7c9",
                "sha256:fc2048d13ff427605fea328cbe5369dce549b8c7657b0e22051a5b8831170af6"
            ],
            "version": "==3.12.3"
        },
        "python-dateutil": {
            "hashes": [
                "sha256:0123cacc1627ae19ddf3c27a5de5bd67ee4586fbdd6440d9748f8abb483d3e86",
                "sha256:961d03dc3453ebbc59dbdea9e4e11c5651520a876d0f4db161e8674aae935da9"
            ],
            "markers": "python_version >= '2.7' and python_version not in '3.0, 3.1, 3.2, 3.3'",
            "version": "==2.8.2"
        },
        "pytz": {
            "hashes": [
                "sha256:3672058bc3453457b622aab7a1c3bfd5ab0bdae451512f6cf25f64ed37f5b87c",
                "sha256:acad2d8b20a1af07d4e4c9d2e9285c5ed9104354062f275f3fcd88dcef4f1326"
            ],
            "version": "==2021.3"
        },
        "requests": {
            "hashes": [
                "sha256:68d7c56fd5a8999887728ef304a6d12edc7be74f1cfa47714fc8b414525c9a61",
                "sha256:f22fa1e554c9ddfd16e6e41ac79759e17be9e492b3587efa038054674760e72d"
            ],
            "markers": "python_version >= '2.7' and python_version not in '3.0, 3.1, 3.2, 3.3, 3.4, 3.5'",
            "version": "==2.27.1"
        },
        "requests-oauthlib": {
            "hashes": [
                "sha256:7f71572defaecd16372f9006f33c2ec8c077c3cfa6f5911a9a90202beb513f3d",
                "sha256:b4261601a71fd721a8bd6d7aa1cc1d6a8a93b4a9f5e96626f8e4d91e8beeaa6a",
                "sha256:fa6c47b933f01060936d87ae9327fead68768b69c6c9ea2109c48be30f2d4dbc"
            ],
            "version": "==1.3.0"
        },
        "s3transfer": {
            "hashes": [
                "sha256:50ed823e1dc5868ad40c8dc92072f757aa0e653a192845c94a3b676f4a62da4c",
                "sha256:9c1dc369814391a6bda20ebbf4b70a0f34630592c9aa520856bf384916af2803"
            ],
            "markers": "python_version >= '3.6'",
            "version": "==0.5.0"
        },
        "six": {
            "hashes": [
                "sha256:1e61c37477a1626458e36f7b1d82aa5c9b094fa4802892072e49de9c60c4c926",
                "sha256:8abb2f1d86890a2dfb989f9a77cfcfd3e47c2a354b01111771326f8aa26e0254"
            ],
            "markers": "python_version >= '2.7' and python_version not in '3.0, 3.1, 3.2, 3.3'",
            "version": "==1.16.0"
        },
        "urllib3": {
            "hashes": [
                "sha256:000ca7f471a233c2251c6c7023ee85305721bfdf18621ebff4fd17a8653427ed",
                "sha256:0e7c33d9a63e7ddfcb86780aac87befc2fbddf46c58dbb487e0855f7ceec283c"
            ],
            "markers": "python_version >= '2.7' and python_version not in '3.0, 3.1, 3.2, 3.3, 3.4' and python_version < '4'",
            "version": "==1.26.8"
        },
        "werkzeug": {
            "hashes": [
                "sha256:63d3dc1cf60e7b7e35e97fa9861f7397283b75d765afcaefd993d6046899de8f",
                "sha256:aa2bb6fc8dee8d6c504c0ac1e7f5f7dc5810a9903e793b6f715a9f015bdadb9a"
            ],
            "markers": "python_version >= '3.6'",
            "version": "==2.0.2"
        },
        "wtforms": {
            "hashes": [
                "sha256:6b351bbb12dd58af57ffef05bc78425d08d1914e0fd68ee14143b7ade023c5bc",
                "sha256:837f2f0e0ca79481b92884962b914eba4e72b7a2daaf1f939c890ed0124b834b"
            ],
            "markers": "python_version >= '3.7'",
            "version": "==3.0.1"
        }
    },
    "develop": {
        "astroid": {
            "hashes": [
                "sha256:87ae7f2398b8a0ae5638ddecf9987f081b756e0e9fc071aeebdca525671fc4dc",
                "sha256:b31c92f545517dcc452f284bc9c044050862fbe6d93d2b3de4a215a6b384bf0d"
            ],
            "markers": "python_version >= '3.6'",
            "version": "==2.5"
        },
        "isort": {
            "hashes": [
                "sha256:54da7e92468955c4fceacd0c86bd0ec997b0e1ee80d97f67c35a78b719dccab1",
                "sha256:6e811fcb295968434526407adb8796944f1988c5b65e8139058f2014cbe100fd"
            ],
            "markers": "python_version >= '2.7' and python_version not in '3.0, 3.1, 3.2, 3.3'",
            "version": "==4.3.21"
        },
        "lazy-object-proxy": {
            "hashes": [
                "sha256:043651b6cb706eee4f91854da4a089816a6606c1428fd391573ef8cb642ae4f7",
                "sha256:07fa44286cda977bd4803b656ffc1c9b7e3bc7dff7d34263446aec8f8c96f88a",
                "sha256:12f3bb77efe1367b2515f8cb4790a11cffae889148ad33adad07b9b55e0ab22c",
                "sha256:2052837718516a94940867e16b1bb10edb069ab475c3ad84fd1e1a6dd2c0fcfc",
                "sha256:2130db8ed69a48a3440103d4a520b89d8a9405f1b06e2cc81640509e8bf6548f",
                "sha256:39b0e26725c5023757fc1ab2a89ef9d7ab23b84f9251e28f9cc114d5b59c1b09",
                "sha256:46ff647e76f106bb444b4533bb4153c7370cdf52efc62ccfc1a28bdb3cc95442",
                "sha256:4dca6244e4121c74cc20542c2ca39e5c4a5027c81d112bfb893cf0790f96f57e",
                "sha256:553b0f0d8dbf21890dd66edd771f9b1b5f51bd912fa5f26de4449bfc5af5e029",
                "sha256:677ea950bef409b47e51e733283544ac3d660b709cfce7b187f5ace137960d61",
                "sha256:6a24357267aa976abab660b1d47a34aaf07259a0c3859a34e536f1ee6e76b5bb",
                "sha256:6a6e94c7b02641d1311228a102607ecd576f70734dc3d5e22610111aeacba8a0",
                "sha256:6aff3fe5de0831867092e017cf67e2750c6a1c7d88d84d2481bd84a2e019ec35",
                "sha256:6ecbb350991d6434e1388bee761ece3260e5228952b1f0c46ffc800eb313ff42",
                "sha256:7096a5e0c1115ec82641afbdd70451a144558ea5cf564a896294e346eb611be1",
                "sha256:70ed0c2b380eb6248abdef3cd425fc52f0abd92d2b07ce26359fcbc399f636ad",
                "sha256:8561da8b3dd22d696244d6d0d5330618c993a215070f473b699e00cf1f3f6443",
                "sha256:85b232e791f2229a4f55840ed54706110c80c0a210d076eee093f2b2e33e1bfd",
                "sha256:898322f8d078f2654d275124a8dd19b079080ae977033b713f677afcfc88e2b9",
                "sha256:8f3953eb575b45480db6568306893f0bd9d8dfeeebd46812aa09ca9579595148",
                "sha256:91ba172fc5b03978764d1df5144b4ba4ab13290d7bab7a50f12d8117f8630c38",
                "sha256:9d166602b525bf54ac994cf833c385bfcc341b364e3ee71e3bf5a1336e677b55",
                "sha256:a57d51ed2997e97f3b8e3500c984db50a554bb5db56c50b5dab1b41339b37e36",
                "sha256:b9e89b87c707dd769c4ea91f7a31538888aad05c116a59820f28d59b3ebfe25a",
                "sha256:bb8c5fd1684d60a9902c60ebe276da1f2281a318ca16c1d0a96db28f62e9166b",
                "sha256:c19814163728941bb871240d45c4c30d33b8a2e85972c44d4e63dd7107faba44",
                "sha256:c4ce15276a1a14549d7e81c243b887293904ad2d94ad767f42df91e75fd7b5b6",
                "sha256:c7a683c37a8a24f6428c28c561c80d5f4fd316ddcf0c7cab999b15ab3f5c5c69",
                "sha256:d609c75b986def706743cdebe5e47553f4a5a1da9c5ff66d76013ef396b5a8a4",
                "sha256:d66906d5785da8e0be7360912e99c9188b70f52c422f9fc18223347235691a84",
                "sha256:dd7ed7429dbb6c494aa9bc4e09d94b778a3579be699f9d67da7e6804c422d3de",
                "sha256:df2631f9d67259dc9620d831384ed7732a198eb434eadf69aea95ad18c587a28",
                "sha256:e368b7f7eac182a59ff1f81d5f3802161932a41dc1b1cc45c1f757dc876b5d2c",
                "sha256:e40f2013d96d30217a51eeb1db28c9ac41e9d0ee915ef9d00da639c5b63f01a1",
                "sha256:f769457a639403073968d118bc70110e7dce294688009f5c24ab78800ae56dc8",
                "sha256:fccdf7c2c5821a8cbd0a9440a456f5050492f2270bd54e94360cac663398739b",
                "sha256:fd45683c3caddf83abbb1249b653a266e7069a09f486daa8863fb0e7496a9fdb"
            ],
            "markers": "python_version >= '3.6'",
            "version": "==1.7.1"
        },
        "mccabe": {
            "hashes": [
                "sha256:ab8a6258860da4b6677da4bd2fe5dc2c659cff31b3ee4f7f5d64e79735b80d42",
                "sha256:dd8d182285a0fe56bace7f45b5e7d1a6ebcbf524e8f3bd87eb0f125271b8831f"
            ],
            "version": "==0.6.1"
        },
        "pylint": {
            "hashes": [
                "sha256:7dd78437f2d8d019717dbf287772d0b2dbdfd13fc016aa7faa08d67bccc46adc",
                "sha256:d0ece7d223fe422088b0e8f13fa0a1e8eb745ebffcb8ed53d3e95394b6101a1c"
            ],
            "index": "pypi",
            "version": "==2.5.3"
        },
        "toml": {
            "hashes": [
                "sha256:806143ae5bfb6a3c6e736a764057db0e6a0e05e338b5630894a5f779cabb4f9b",
                "sha256:b3bda1d108d5dd99f4a20d24d9c348e91c4db7ab1b749200bded2f839ccbe68f"
            ],
            "markers": "python_version >= '2.6' and python_version not in '3.0, 3.1, 3.2, 3.3'",
            "version": "==0.10.2"
        },
        "wrapt": {
            "hashes": [
                "sha256:b62ffa81fb85f4332a4f609cab4ac40709470da05643a082ec1eb88e6d9b97d7"
            ],
            "version": "==1.12.1"
        }
    }
}
