dependencies:
- name: apm-server
  repository: https://helm.elastic.co
  version: 7.8.0
- name: elasticsearch
  repository: https://helm.elastic.co
  version: 7.8.0
- name: filebeat
  repository: https://helm.elastic.co
  version: 7.8.0
- name: kafka
  repository: https://charts.bitnami.com/bitnami
  version: 11.5.1
- name: kibana
  repository: https://helm.elastic.co
  version: 7.8.0
- name: metricbeat
  repository: https://helm.elastic.co
  version: 7.8.0
- name: microservice
  repository: https://raw.githubusercontent.com/rajan123456/helm-charts/master
  version: 3.0.0
- name: microservice
  repository: https://raw.githubusercontent.com/rajan123456/helm-charts/master
  version: 1.0.0
- name: microservice
  repository: https://raw.githubusercontent.com/rajan123456/helm-charts/master
  version: 1.1.1
- name: microservice
  repository: https://raw.githubusercontent.com/rajan123456/helm-charts/master
  version: 1.0.0
- name: microservice
  repository: https://raw.githubusercontent.com/rajan123456/helm-charts/master
  version: 1.0.0
- name: microservice
  repository: https://raw.githubusercontent.com/rajan123456/helm-charts/master
  version: 3.0.0
- name: microservice
  repository: https://raw.githubusercontent.com/rajan123456/helm-charts/master
  version: 2.1.0
- name: microservice
  repository: https://raw.githubusercontent.com/rajan123456/helm-charts/master
  version: 2.1.0
- name: microservice
  repository: https://raw.githubusercontent.com/rajan123456/helm-charts/master
  version: 1.0.0
- name: microservice
  repository: https://raw.githubusercontent.com/rajan123456/helm-charts/master
  version: 2.1.0
- name: mongodb
  repository: https://charts.bitnami.com/bitnami
  version: 8.1.1
- name: mongodb
  repository: https://charts.bitnami.com/bitnami
  version: 8.1.1
- name: mongodb
  repository: https://charts.bitnami.com/bitnami
  version: 8.1.1
- name: mongodb
  repository: https://charts.bitnami.com/bitnami
  version: 8.1.1
- name: nginx-ingress
  repository: https://kubernetes-charts.storage.googleapis.com
  version: 1.41.1
- name: spark
  repository: https://charts.bitnami.com/bitnami
  version: 2.0.0
- name: vault
  repository: https://helm.releases.hashicorp.com
  version: 0.6.0
digest: sha256:db51083225325ee0b172e0f72170565e2468850f4e2cf6706d52d809a80b63bd
generated: "2020-07-23T23:40:12.0990962+08:00"
