dependencies:
- name: apm-server
  repository: https://helm.elastic.co
  version: 7.8.0
- name: elasticsearch
  repository: https://helm.elastic.co
  version: 7.8.0
- name: filebeat
  repository: https://helm.elastic.co
  version: 7.8.0
- name: kafka
  repository: https://charts.bitnami.com/bitnami
  version: 11.5.1
- name: kibana
  repository: https://helm.elastic.co
  version: 7.8.0
- name: metricbeat
  repository: https://helm.elastic.co
  version: 7.8.0
- name: microservice
  repository: https://raw.githubusercontent.com/rajan123456/helm-charts/master
  version: 1.0.0
- name: microservice
  repository: https://raw.githubusercontent.com/rajan123456/helm-charts/master
  version: 1.0.0
- name: microservice
  repository: https://raw.githubusercontent.com/rajan123456/helm-charts/master
  version: 1.0.0
- name: microservice
  repository: https://raw.githubusercontent.com/rajan123456/helm-charts/master
  version: 1.0.0
- name: microservice
  repository: https://raw.githubusercontent.com/rajan123456/helm-charts/master
  version: 1.0.0
- name: microservice
  repository: https://raw.githubusercontent.com/rajan123456/helm-charts/master
  version: 1.0.0
- name: microservice
  repository: https://raw.githubusercontent.com/rajan123456/helm-charts/master
  version: 1.0.0
- name: microservice
  repository: https://raw.githubusercontent.com/rajan123456/helm-charts/master
  version: 1.0.0
- name: microservice
  repository: https://raw.githubusercontent.com/rajan123456/helm-charts/master
  version: 1.0.0
- name: microservice
  repository: https://raw.githubusercontent.com/rajan123456/helm-charts/master
  version: 1.0.0
- name: mongodb
  repository: https://charts.bitnami.com/bitnami
  version: 8.1.1
- name: mongodb
  repository: https://charts.bitnami.com/bitnami
  version: 8.1.1
- name: mongodb
  repository: https://charts.bitnami.com/bitnami
  version: 8.1.1
- name: mongodb
  repository: https://charts.bitnami.com/bitnami
  version: 8.1.1
- name: nginx-ingress
  repository: https://kubernetes-charts.storage.googleapis.com
  version: 1.41.1
- name: spark
  repository: https://charts.bitnami.com/bitnami
  version: 2.0.0
- name: vault
  repository: https://helm.releases.hashicorp.com
  version: 0.6.0
digest: sha256:e7d0198a1f748b92910ab187cb8d3ea0236597c3b35fc0d529024c6da7452fbb
generated: "2020-07-24T01:10:51.6258139+08:00"
