{
    "_meta": {
        "hash": {
            "sha256": "77fc03ff4031a2aaf136c0c9ae635cff90f53b2e50d482a3455500c093cba4dc"
        },
        "pipfile-spec": 6,
        "requires": {
            "python_version": "3.6"
        },
        "sources": [
            {
                "name": "pypi",
                "url": "https://pypi.org/simple",
                "verify_ssl": true
            }
        ]
    },
    "default": {
        "numpy": {
            "hashes": [
                "sha256:012426a41bc9ab63bb158635aecccc7610e3eff5d31d1eb43bc099debc979d94",
                "sha256:06fab248a088e439402141ea04f0fffb203723148f6ee791e9c75b3e9e82f080",
                "sha256:0eef32ca3132a48e43f6a0f5a82cb508f22ce5a3d6f67a8329c81c8e226d3f6e",
                "sha256:1ded4fce9cfaaf24e7a0ab51b7a87be9038ea1ace7f34b841fe3b6894c721d1c",
                "sha256:2e55195bc1c6b705bfd8ad6f288b38b11b1af32f3c8289d6c50d47f950c12e76",
                "sha256:2ea52bd92ab9f768cc64a4c3ef8f4b2580a17af0a5436f6126b08efbd1838371",
                "sha256:36674959eed6957e61f11c912f71e78857a8d0604171dfd9ce9ad5cbf41c511c",
                "sha256:384ec0463d1c2671170901994aeb6dce126de0a95ccc3976c43b0038a37329c2",
                "sha256:39b70c19ec771805081578cc936bbe95336798b7edf4732ed102e7a43ec5c07a",
                "sha256:400580cbd3cff6ffa6293df2278c75aef2d58d8d93d3c5614cd67981dae68ceb",
                "sha256:43d4c81d5ffdff6bae58d66a3cd7f54a7acd9a0e7b18d97abb255defc09e3140",
                "sha256:50a4a0ad0111cc1b71fa32dedd05fa239f7fb5a43a40663269bb5dc7877cfd28",
                "sha256:603aa0706be710eea8884af807b1b3bc9fb2e49b9f4da439e76000f3b3c6ff0f",
                "sha256:6149a185cece5ee78d1d196938b2a8f9d09f5a5ebfbba66969302a778d5ddd1d",
                "sha256:759e4095edc3c1b3ac031f34d9459fa781777a93ccc633a472a5468587a190ff",
                "sha256:7fb43004bce0ca31d8f13a6eb5e943fa73371381e53f7074ed21a4cb786c32f8",
                "sha256:811daee36a58dc79cf3d8bdd4a490e4277d0e4b7d103a001a4e73ddb48e7e6aa",
                "sha256:8b5e972b43c8fc27d56550b4120fe6257fdc15f9301914380b27f74856299fea",
                "sha256:99abf4f353c3d1a0c7a5f27699482c987cf663b1eac20db59b8c7b061eabd7fc",
                "sha256:a0d53e51a6cb6f0d9082decb7a4cb6dfb33055308c4c44f53103c073f649af73",
                "sha256:a12ff4c8ddfee61f90a1633a4c4afd3f7bcb32b11c52026c92a12e1325922d0d",
                "sha256:a4646724fba402aa7504cd48b4b50e783296b5e10a524c7a6da62e4a8ac9698d",
                "sha256:a76f502430dd98d7546e1ea2250a7360c065a5fdea52b2dffe8ae7180909b6f4",
                "sha256:a9d17f2be3b427fbb2bce61e596cf555d6f8a56c222bd2ca148baeeb5e5c783c",
                "sha256:ab83f24d5c52d60dbc8cd0528759532736b56db58adaa7b5f1f76ad551416a1e",
                "sha256:aeb9ed923be74e659984e321f609b9ba54a48354bfd168d21a2b072ed1e833ea",
                "sha256:c843b3f50d1ab7361ca4f0b3639bf691569493a56808a0b0c54a051d260b7dbd",
                "sha256:cae865b1cae1ec2663d8ea56ef6ff185bad091a5e33ebbadd98de2cfa3fa668f",
                "sha256:cc6bd4fd593cb261332568485e20a0712883cf631f6f5e8e86a52caa8b2b50ff",
                "sha256:cf2402002d3d9f91c8b01e66fbb436a4ed01c6498fffed0e4c7566da1d40ee1e",
                "sha256:d051ec1c64b85ecc69531e1137bb9751c6830772ee5c1c426dbcfe98ef5788d7",
                "sha256:d6631f2e867676b13026e2846180e2c13c1e11289d67da08d71cacb2cd93d4aa",
                "sha256:dbd18bcf4889b720ba13a27ec2f2aac1981bd41203b3a3b27ba7a33f88ae4827",
                "sha256:df609c82f18c5b9f6cb97271f03315ff0dbe481a2a02e56aeb1b1a985ce38e60"
            ],
            "markers": "python_version >= '3.6'",
            "version": "==1.19.5"
        },
        "opencv-python": {
            "hashes": [
                "sha256:1617dc24fe670f128fc49e0b57f1fecdc7b41babd2ccc9b7a1d9491045e32c27",
                "sha256:22765c4a9249bca0764a9ae82fe849a43708db21a9984ac1406503db97816bee",
                "sha256:26dccfb820e01ba822255d093139934a26ad4c5e8a74a7b79e71f8d5c2a0d186",
                "sha256:340999b852ca03f1f4ec058f3bb71dfb45b9b1b538fad13985e6fea8abbd6eb0",
                "sha256:34ff0af4a40a36aa19e02a3efd27b4f68afbf60d631d1fd1aeb5b73b525943d7",
                "sha256:3eed69cb9a95fc51ecc5463f2d5f50dcc8b9e01dc5ae8dbb423df2937f415304",
                "sha256:5eab0f45a33fdbb62a6984538a97e9f8b33d370afd35face04036a3195dbb787",
                "sha256:5f62798d00efc1299cc87fcc788b11d0541114f0df35e0f2033c34751e4f708e",
                "sha256:5fe9ba0be2f0f15e64ccd19c9d050d163cc70d9b718b6a03564056c0ae4be8e8",
                "sha256:62161bf98661baa7dbc13971bd873303a28d5ef1c5f00e6a030b6e6da2025abd",
                "sha256:7c95121d88c18affb3ac338d7faa137f7ccaa801c07db5a43d775f95d0f50ec1",
                "sha256:7d0bce53e1edf6e5d4eafd274bcfa314b506a10f12bce74f15b0a52cbadb87db",
                "sha256:811f0df2a3ecaf7dacd77394862f3e0a04feedae190a51fd50c243016f1da7ff",
                "sha256:84fdfbb88836039e812f36cdc4a9c8bd330827084b0849ffec7a0b143ad980d9",
                "sha256:9141e88bfa67d9d4ac750fec18449065d105b8b3d00bbfb58b097bcc4fa6f018",
                "sha256:93704f7f873acb4fdb0fe62f9b62c000ec0e5a4c6af55578fd596b089dc4eb4f",
                "sha256:9aa3d2fcaad79681720128ffe402a2ad9fbb524826a431ae9773d29ae3075967",
                "sha256:9e9c2835c853d45b8f73628e14ca358e0d15132a703e7728a35269fa233792fc",
                "sha256:9e9d4e11b6e50ebe726daa2f0f7724fd877769476e352a7274f2107a3094de40",
                "sha256:aa6b688804e8590851d5f7c96886c9bd8cdd105c7ae6776f03c5ecd35465c062",
                "sha256:abfecb14c7fc23c5c1337a71b67cc852d79de67311a9a557c41a37bf5de35bf9",
                "sha256:b336f17bf90be734ec6d1bbbfc9fa8130fb1c110ff0746ab4374ba0422ea15a5",
                "sha256:b861c96a31d5d9c60fd0e4e8b05eb258a2da0ec77e7eae5711a71159627c1548",
                "sha256:ba0fb91d916fce3f6b7ac5be2d365d3949ba8a176262cf6a6dd366967544fa4d",
                "sha256:e688176481d9ace9f166eac9dbb0313cbb9b4d1aef82e57632c4db404bd33942",
                "sha256:eebe92d48833fe244ef19b88bcd8f7c4f61713a4f6d46694dd538025ac38aa1c",
                "sha256:f5902060f14a83d363163dd1bbf54876977c379fb56666e5557394eecca1f364",
                "sha256:f609558a8fe1bf66f6c81816ca14d8e51500c8b53ee44bc644c73f98f1c5655e",
                "sha256:fb8b81e1756522def5518914d916205da5cf34796b60adb592373991d100c769",
                "sha256:febc6e52db03cc0ca1cd2fc56c8f94ac15349ca19d10732261c766c463e681a6"
            ],
            "index": "pypi",
            "version": "==4.5.4.60"
        },
        "pillow": {
            "hashes": [
                "sha256:0295442429645fa16d05bd567ef5cff178482439c9aad0411d3f0ce9b88b3a6f",
                "sha256:06aba4169e78c439d528fdeb34762c3b61a70813527a2c57f0540541e9f433a8",
                "sha256:09d7f9e64289cb40c2c8d7ad674b2ed6105f55dc3b09aa8e4918e20a0311e7ad",
                "sha256:0a80dd307a5d8440b0a08bd7b81617e04d870e40a3e46a32d9c246e54705e86f",
                "sha256:1ca594126d3c4def54babee699c055a913efb01e106c309fa6b04405d474d5ae",
                "sha256:25930fadde8019f374400f7986e8404c8b781ce519da27792cbe46eabec00c4d",
                "sha256:431b15cffbf949e89df2f7b48528be18b78bfa5177cb3036284a5508159492b5",
                "sha256:52125833b070791fcb5710fabc640fc1df07d087fc0c0f02d3661f76c23c5b8b",
                "sha256:5e51ee2b8114def244384eda1c82b10e307ad9778dac5c83fb0943775a653cd8",
                "sha256:612cfda94e9c8346f239bf1a4b082fdd5c8143cf82d685ba2dba76e7adeeb233",
                "sha256:6d7741e65835716ceea0fd13a7d0192961212fd59e741a46bbed7a473c634ed6",
                "sha256:6edb5446f44d901e8683ffb25ebdfc26988ee813da3bf91e12252b57ac163727",
                "sha256:725aa6cfc66ce2857d585f06e9519a1cc0ef6d13f186ff3447ab6dff0a09bc7f",
                "sha256:8dad18b69f710bf3a001d2bf3afab7c432785d94fcf819c16b5207b1cfd17d38",
                "sha256:94cf49723928eb6070a892cb39d6c156f7b5a2db4e8971cb958f7b6b104fb4c4",
                "sha256:97f9e7953a77d5a70f49b9a48da7776dc51e9b738151b22dacf101641594a626",
                "sha256:9ad7f865eebde135d526bb3163d0b23ffff365cf87e767c649550964ad72785d",
                "sha256:9c87ef410a58dd54b92424ffd7e28fd2ec65d2f7fc02b76f5e9b2067e355ebf6",
                "sha256:a060cf8aa332052df2158e5a119303965be92c3da6f2d93b6878f0ebca80b2f6",
                "sha256:c79f9c5fb846285f943aafeafda3358992d64f0ef58566e23484132ecd8d7d63",
                "sha256:c92302a33138409e8f1ad16731568c55c9053eee71bb05b6b744067e1b62380f",
                "sha256:d08b23fdb388c0715990cbc06866db554e1822c4bdcf6d4166cf30ac82df8c41",
                "sha256:d350f0f2c2421e65fbc62690f26b59b0bcda1b614beb318c81e38647e0f673a1",
                "sha256:e901964262a56d9ea3c2693df68bc9860b8bdda2b04768821e4c44ae797de117",
                "sha256:ec29604081f10f16a7aea809ad42e27764188fc258b02259a03a8ff7ded3808d",
                "sha256:edf31f1150778abd4322444c393ab9c7bd2af271dd4dafb4208fb613b1f3cdc9",
                "sha256:f7e30c27477dffc3e85c2463b3e649f751789e0f6c8456099eea7ddd53be4a8a",
                "sha256:ffe538682dc19cc542ae7c3e504fdf54ca7f86fb8a135e59dd6bc8627eae6cce"
            ],
            "index": "pypi",
            "version": "==7.2.0"
        }
    },
    "develop": {}
}
